PODS:
  - AFNetworking (3.0.4):
    - AFNetworking/NSURLSession (= 3.0.4)
    - AFNetworking/Reachability (= 3.0.4)
    - AFNetworking/Security (= 3.0.4)
    - AFNetworking/Serialization (= 3.0.4)
    - AFNetworking/UIKit (= 3.0.4)
  - AFNetworking/NSURLSession (3.0.4):
    - AFNetworking/Reachability
    - AFNetworking/Security
    - AFNetworking/Serialization
  - AFNetworking/Reachability (3.0.4)
  - AFNetworking/Security (3.0.4)
  - AFNetworking/Serialization (3.0.4)
  - AFNetworking/UIKit (3.0.4):
    - AFNetworking/NSURLSession
  - AnimatedGIFImageSerialization (0.2.0)
  - BlocksKit/Core (2.2.5)
  - BlocksKit/DynamicDelegate (2.2.5)
  - BlocksKit/UIKit (2.2.5):
    - BlocksKit/Core
    - BlocksKit/DynamicDelegate
  - CocoaLumberjack/Core (HEAD based on 2.2.0)
  - CocoaLumberjack/Default (HEAD based on 2.2.0):
    - CocoaLumberjack/Core
  - CocoaLumberjack/Extensions (HEAD based on 2.2.0):
    - CocoaLumberjack/Default
  - CocoaLumberjack/Swift (HEAD based on 2.2.0):
    - CocoaLumberjack/Extensions
  - FBSnapshotTestCase (HEAD based on 2.1.0):
    - FBSnapshotTestCase/SwiftSupport (= HEAD based on 2.1.0)
  - FBSnapshotTestCase/Core (HEAD based on 2.1.0)
  - FBSnapshotTestCase/SwiftSupport (HEAD based on 2.1.0):
    - FBSnapshotTestCase/Core
  - HexColors (2.3.0)
  - HockeySDK (3.8.5):
    - HockeySDK/AllFeaturesLib (= 3.8.5)
  - HockeySDK/AllFeaturesLib (3.8.5)
  - hpple (0.2.0)
  - KVOController (1.0.3)
  - libextobjc/EXTScope (0.4.1):
    - libextobjc/RuntimeExtensions
  - libextobjc/RuntimeExtensions (0.4.1)
  - Mantle (2.0.6):
    - Mantle/extobjc (= 2.0.6)
  - Mantle/extobjc (2.0.6)
  - Masonry (0.6.2)
  - MGSwipeTableCell (1.5.3)
  - Nimble (HEAD based on 3.2.0)
  - Nocilla (0.10.0)
  - NSDate-Extensions (0.0.1)
  - OAStackView (0.2.0):
    - KVOController (~> 1.0)
  - OCHamcrest (4.2.0)
  - OCMockito (1.4.0):
    - OCHamcrest (~> 4.0)
  - OMGHTTPURLRQ (3.1.1):
    - OMGHTTPURLRQ/RQ (= 3.1.1)
  - OMGHTTPURLRQ/FormURLEncode (3.1.1)
  - OMGHTTPURLRQ/RQ (3.1.1):
    - OMGHTTPURLRQ/FormURLEncode
    - OMGHTTPURLRQ/UserAgent
  - OMGHTTPURLRQ/UserAgent (3.1.1)
  - PiwikTracker (HEAD based on 3.3.0):
    - PiwikTracker/Core (= HEAD based on 3.3.0)
  - PiwikTracker/Core (HEAD based on 3.3.0)
  - PromiseKit (HEAD based on 3.1.0):
    - PromiseKit/Foundation (= HEAD based on 3.1.0)
    - PromiseKit/QuartzCore (= HEAD based on 3.1.0)
    - PromiseKit/UIKit (= HEAD based on 3.1.0)
  - PromiseKit/CorePromise (HEAD based on 3.1.0)
  - PromiseKit/Foundation (HEAD based on 3.1.0):
    - OMGHTTPURLRQ (~> 3.1.0)
    - PromiseKit/CorePromise
  - PromiseKit/QuartzCore (HEAD based on 3.1.0):
    - PromiseKit/CorePromise
  - PromiseKit/SystemConfiguration (HEAD based on 3.1.0):
    - PromiseKit/CorePromise
  - PromiseKit/UIKit (HEAD based on 3.1.0):
    - PromiseKit/CorePromise
  - Quick (0.9.1)
  - SDWebImage (3.7.2):
    - SDWebImage/Core (= 3.7.2)
  - SDWebImage/Core (3.7.2)
  - SSDataSources (0.8.5)
  - SVWebViewController (1.0)
  - TSMessages (0.9.13):
    - HexColors (~> 2.3.0)
    - Masonry (~> 0.6)
  - TUSafariActivity (1.0.4)
  - Tweaks (HEAD based on 2.0.0)
  - VTAcknowledgementsViewController (0.17)

DEPENDENCIES:
  - AFNetworking (~> 3.0.0)
  - AnimatedGIFImageSerialization (from `https://github.com/wikimedia/AnimatedGIFImageSerialization.git`)
  - BlocksKit/Core (~> 2.2.0)
  - BlocksKit/UIKit (~> 2.2.0)
  - CocoaLumberjack/Swift (HEAD)
  - FBSnapshotTestCase (HEAD)
  - HockeySDK (~> 3.8.2)
  - hpple (~> 0.2)
  - KVOController
  - libextobjc/EXTScope (~> 0.4.1)
  - Mantle (~> 2.0.0)
  - Masonry (= 0.6.2)
  - MGSwipeTableCell (from `git@github.com:wikimedia/MGSwipeTableCell.git`)
  - Nimble (HEAD)
  - Nocilla
  - NSDate-Extensions (from `git@github.com:wikimedia/NSDate-Extensions.git`)
  - OAStackView (from `git@github.com:wikimedia/OAStackView.git`)
  - OCHamcrest (~> 4.2.0)
  - OCMockito (~> 1.4.0)
  - PiwikTracker (HEAD)
  - PromiseKit (HEAD)
  - PromiseKit/SystemConfiguration (HEAD)
  - Quick (~> 0.9.0)
  - SDWebImage (from `https://github.com/wikimedia/SDWebImage.git`, commit `bb49df83e72f2231a191e9477a85f0effe13430a`)
  - SSDataSources (~> 0.8.0)
  - SVWebViewController (~> 1.0)
  - TSMessages (from `https://github.com/wikimedia/TSMessages.git`)
  - TUSafariActivity
  - Tweaks (HEAD)
  - VTAcknowledgementsViewController

EXTERNAL SOURCES:
  AnimatedGIFImageSerialization:
    :git: https://github.com/wikimedia/AnimatedGIFImageSerialization.git
  MGSwipeTableCell:
    :git: git@github.com:wikimedia/MGSwipeTableCell.git
  NSDate-Extensions:
    :git: git@github.com:wikimedia/NSDate-Extensions.git
  OAStackView:
    :git: git@github.com:wikimedia/OAStackView.git
  SDWebImage:
    :commit: bb49df83e72f2231a191e9477a85f0effe13430a
    :git: https://github.com/wikimedia/SDWebImage.git
  TSMessages:
    :git: https://github.com/wikimedia/TSMessages.git

CHECKOUT OPTIONS:
  AnimatedGIFImageSerialization:
    :commit: f0fcaa7d474672ecfdd8b7fd26ca2fca31940e0b
    :git: https://github.com/wikimedia/AnimatedGIFImageSerialization.git
  MGSwipeTableCell:
    :commit: 8ca85004bd7fcfe09a3b7938fb8c079a88481d45
    :git: git@github.com:wikimedia/MGSwipeTableCell.git
  NSDate-Extensions:
    :commit: 388ab1b864b742feadc1cf94063968953fc6a6a1
    :git: git@github.com:wikimedia/NSDate-Extensions.git
  OAStackView:
    :commit: f2adee6f7b66bf1192a4bd551fa343abf6d5aa2d
    :git: git@github.com:wikimedia/OAStackView.git
  SDWebImage:
    :commit: bb49df83e72f2231a191e9477a85f0effe13430a
    :git: https://github.com/wikimedia/SDWebImage.git
  TSMessages:
    :commit: ec0aa9be29ab79083e4957ac500f3af2f622605d
    :git: https://github.com/wikimedia/TSMessages.git

SPEC CHECKSUMS:
  AFNetworking: a0075feb321559dc78d9d85b55d11caa19eabb93
  AnimatedGIFImageSerialization: b0f0cfe71eac1ee45a3d57ae533c23b8e6f29501
  BlocksKit: 7f422b971407001178d181a43b99014ea2591fe6
  CocoaLumberjack: 17fe8581f84914d5d7e6360f7c70022b173c3ae0
  FBSnapshotTestCase: 366ecd378511d7716c79991cd8067d1eed23578d
  HexColors: 6ad3947c3447a055a3aa8efa859def096351fe5f
  HockeySDK: dd11a2b9da3372fd025643bee5bc10c8c613d169
  hpple: 3b765f96fc2cd56ad1a49aef6f7be5cb2aa64b57
  KVOController: 9fd8f0343670994e4b6f9f0b31f5a45663f3e1cf
  libextobjc: a650fc1bf489a3d3a9bc2e621efa3e1006fc5471
  Mantle: 299966b00759634931699f69cb6a30b9239b944d
  Masonry: 362e8a1cc0beada4a4c4832d5e863da2a51533be
  MGSwipeTableCell: 5ae3b9a15efda26b201adc8676b24040febe6ff6
  Nimble: 703854335d181df169bbca9c97117b5cf8c47c1d
  Nocilla: ae0a2b05f3087b473624ac2b25903695df51246a
  NSDate-Extensions: 5bd64f8815dc6b3c9d08e1f620229567e2b4771c
  OAStackView: 323757cd34a1bc5fcc9ed3c903b51dbfe192f355
  OCHamcrest: c14c0b3f4c4e99363e5b87d97bae38c4438b6d5d
  OCMockito: 4981140c9a9ec06c31af40f636e3c0f25f27e6b2
  OMGHTTPURLRQ: 633f98ee745aeda02345935a52eec1784cddb589
  PiwikTracker: 7147287d30a3192289bef9cddb2b5342d67dae43
  PromiseKit: 7ed2a3fc5217695305a55a8c47cb3a17ff5fde0d
  Quick: a5221fc21788b6aeda934805e68b061839bc3165
  SDWebImage: 71b7cdc1d1721d6a82ed62889030225f2c249e29
  SSDataSources: b01170fb23b82acf0649194e9189b0bf5f702681
  SVWebViewController: c36dda7326e81fcae0abf5d02bf7bbf7e41be901
  TSMessages: 39ca10c7bfdaa42d574af0f7946a04699145051e
  TUSafariActivity: afc55a00965377939107ce4fdc7f951f62454546
  Tweaks: 524fa47636cce3bf3a4d9156e980f10ae9480e81
  VTAcknowledgementsViewController: 6056f5f5e5ed995bbf0581bed6ddd29355ca9a80

COCOAPODS: 0.39.0
