// !$*UTF8*$!
{
	archiveVersion = 1;
	classes = {
	};
	objectVersion = 46;
	objects = {

/* Begin PBXBuildFile section */
		040E5C4D184564D0007AFE6F /* ArticleDataModel.m in Sources */ = {isa = PBXBuildFile; fileRef = 040E5C4C184564D0007AFE6F /* ArticleDataModel.m */; };
		040E5C4F184566F4007AFE6F /* CoreData.framework in Frameworks */ = {isa = PBXBuildFile; fileRef = 040E5C4E184566F4007AFE6F /* CoreData.framework */; };
		040E5C841846AC13007AFE6F /* ArticleDataContextSingleton.m in Sources */ = {isa = PBXBuildFile; fileRef = 040E5C831846AC13007AFE6F /* ArticleDataContextSingleton.m */; };
		040E5C851846AC13007AFE6F /* ArticleDataContextSingleton.m in Sources */ = {isa = PBXBuildFile; fileRef = 040E5C831846AC13007AFE6F /* ArticleDataContextSingleton.m */; };
		04142A8F184F974E006EF779 /* NSDate-Utilities.m in Sources */ = {isa = PBXBuildFile; fileRef = 04142A8E184F974E006EF779 /* NSDate-Utilities.m */; };
		04142A90184F974E006EF779 /* NSDate-Utilities.m in Sources */ = {isa = PBXBuildFile; fileRef = 04142A8E184F974E006EF779 /* NSDate-Utilities.m */; };
		04292FE6185FB9D7002A13FC /* SearchNavController.m in Sources */ = {isa = PBXBuildFile; fileRef = 04292FE3185FB9D7002A13FC /* SearchNavController.m */; };
		04292FE7185FB9D7002A13FC /* SearchNavController.m in Sources */ = {isa = PBXBuildFile; fileRef = 04292FE3185FB9D7002A13FC /* SearchNavController.m */; };
		04292FE8185FB9D7002A13FC /* SearchBarLogoView.m in Sources */ = {isa = PBXBuildFile; fileRef = 04292FE5185FB9D7002A13FC /* SearchBarLogoView.m */; };
		04292FE9185FB9D7002A13FC /* SearchBarLogoView.m in Sources */ = {isa = PBXBuildFile; fileRef = 04292FE5185FB9D7002A13FC /* SearchBarLogoView.m */; };
		04292FEC185FBA3D002A13FC /* SearchBarTextField.m in Sources */ = {isa = PBXBuildFile; fileRef = 04292FEB185FBA3D002A13FC /* SearchBarTextField.m */; };
		04292FED185FBA3D002A13FC /* SearchBarTextField.m in Sources */ = {isa = PBXBuildFile; fileRef = 04292FEB185FBA3D002A13FC /* SearchBarTextField.m */; };
		04292FF2185FBA70002A13FC /* SearchResultCell.m in Sources */ = {isa = PBXBuildFile; fileRef = 04292FF0185FBA70002A13FC /* SearchResultCell.m */; };
		04292FF3185FBA70002A13FC /* SearchResultCell.m in Sources */ = {isa = PBXBuildFile; fileRef = 04292FF0185FBA70002A13FC /* SearchResultCell.m */; };
		04292FF4185FBA70002A13FC /* SearchResultPrototypeView.xib in Resources */ = {isa = PBXBuildFile; fileRef = 04292FF1185FBA70002A13FC /* SearchResultPrototypeView.xib */; };
		04292FF5185FBA70002A13FC /* SearchResultPrototypeView.xib in Resources */ = {isa = PBXBuildFile; fileRef = 04292FF1185FBA70002A13FC /* SearchResultPrototypeView.xib */; };
		04292FF8185FBB0B002A13FC /* SearchResultsController.m in Sources */ = {isa = PBXBuildFile; fileRef = 04292FF7185FBB0B002A13FC /* SearchResultsController.m */; };
		04292FF9185FBB0B002A13FC /* SearchResultsController.m in Sources */ = {isa = PBXBuildFile; fileRef = 04292FF7185FBB0B002A13FC /* SearchResultsController.m */; };
		04293000185FC2C7002A13FC /* QueuesSingleton.m in Sources */ = {isa = PBXBuildFile; fileRef = 04292FFF185FC2C7002A13FC /* QueuesSingleton.m */; };
		04293001185FC2C7002A13FC /* QueuesSingleton.m in Sources */ = {isa = PBXBuildFile; fileRef = 04292FFF185FC2C7002A13FC /* QueuesSingleton.m */; };
		0429300A18604898002A13FC /* SavedPagesResultCell.m in Sources */ = {isa = PBXBuildFile; fileRef = 0429300418604898002A13FC /* SavedPagesResultCell.m */; };
		0429300B18604898002A13FC /* SavedPagesResultCell.m in Sources */ = {isa = PBXBuildFile; fileRef = 0429300418604898002A13FC /* SavedPagesResultCell.m */; };
		0429300E18604898002A13FC /* SavedPagesTableHeadingLabel.m in Sources */ = {isa = PBXBuildFile; fileRef = 0429300718604898002A13FC /* SavedPagesTableHeadingLabel.m */; };
		0429300F18604898002A13FC /* SavedPagesTableHeadingLabel.m in Sources */ = {isa = PBXBuildFile; fileRef = 0429300718604898002A13FC /* SavedPagesTableHeadingLabel.m */; };
		0429301018604898002A13FC /* SavedPagesViewController.m in Sources */ = {isa = PBXBuildFile; fileRef = 0429300918604898002A13FC /* SavedPagesViewController.m */; };
		0429301118604899002A13FC /* SavedPagesViewController.m in Sources */ = {isa = PBXBuildFile; fileRef = 0429300918604898002A13FC /* SavedPagesViewController.m */; };
		0447862F185145090050563B /* HistoryResultCell.m in Sources */ = {isa = PBXBuildFile; fileRef = 04478621185145090050563B /* HistoryResultCell.m */; };
		04478630185145090050563B /* HistoryResultCell.m in Sources */ = {isa = PBXBuildFile; fileRef = 04478621185145090050563B /* HistoryResultCell.m */; };
		04478631185145090050563B /* HistoryResultPrototypeView.xib in Resources */ = {isa = PBXBuildFile; fileRef = 04478622185145090050563B /* HistoryResultPrototypeView.xib */; };
		04478632185145090050563B /* HistoryResultPrototypeView.xib in Resources */ = {isa = PBXBuildFile; fileRef = 04478622185145090050563B /* HistoryResultPrototypeView.xib */; };
		04478633185145090050563B /* HistoryViewController.m in Sources */ = {isa = PBXBuildFile; fileRef = 04478624185145090050563B /* HistoryViewController.m */; };
		04478634185145090050563B /* HistoryViewController.m in Sources */ = {isa = PBXBuildFile; fileRef = 04478624185145090050563B /* HistoryViewController.m */; };
		0447863D185145090050563B /* WebViewController.m in Sources */ = {isa = PBXBuildFile; fileRef = 0447862E185145090050563B /* WebViewController.m */; };
		0447863E185145090050563B /* WebViewController.m in Sources */ = {isa = PBXBuildFile; fileRef = 0447862E185145090050563B /* WebViewController.m */; };
		04478641185146210050563B /* HistoryTableHeadingLabel.m in Sources */ = {isa = PBXBuildFile; fileRef = 04478640185146200050563B /* HistoryTableHeadingLabel.m */; };
		04478642185146210050563B /* HistoryTableHeadingLabel.m in Sources */ = {isa = PBXBuildFile; fileRef = 04478640185146200050563B /* HistoryTableHeadingLabel.m */; };
		04478645185155750050563B /* history-search.png in Resources */ = {isa = PBXBuildFile; fileRef = 04478643185155750050563B /* history-search.png */; };
		04478646185155750050563B /* history-search.png in Resources */ = {isa = PBXBuildFile; fileRef = 04478643185155750050563B /* history-search.png */; };
		04478647185155750050563B /* history-search@2x.png in Resources */ = {isa = PBXBuildFile; fileRef = 04478644185155750050563B /* history-search@2x.png */; };
		04478648185155750050563B /* history-search@2x.png in Resources */ = {isa = PBXBuildFile; fileRef = 04478644185155750050563B /* history-search@2x.png */; };
		0447864F185159700050563B /* history-external.png in Resources */ = {isa = PBXBuildFile; fileRef = 04478649185159700050563B /* history-external.png */; };
		04478650185159700050563B /* history-external.png in Resources */ = {isa = PBXBuildFile; fileRef = 04478649185159700050563B /* history-external.png */; };
		04478651185159700050563B /* history-external@2x.png in Resources */ = {isa = PBXBuildFile; fileRef = 0447864A185159700050563B /* history-external@2x.png */; };
		04478652185159700050563B /* history-external@2x.png in Resources */ = {isa = PBXBuildFile; fileRef = 0447864A185159700050563B /* history-external@2x.png */; };
		04478653185159700050563B /* history-link.png in Resources */ = {isa = PBXBuildFile; fileRef = 0447864B185159700050563B /* history-link.png */; };
		04478654185159700050563B /* history-link.png in Resources */ = {isa = PBXBuildFile; fileRef = 0447864B185159700050563B /* history-link.png */; };
		04478655185159700050563B /* history-link@2x.png in Resources */ = {isa = PBXBuildFile; fileRef = 0447864C185159700050563B /* history-link@2x.png */; };
		04478656185159700050563B /* history-link@2x.png in Resources */ = {isa = PBXBuildFile; fileRef = 0447864C185159700050563B /* history-link@2x.png */; };
		04478657185159700050563B /* history-random.png in Resources */ = {isa = PBXBuildFile; fileRef = 0447864D185159700050563B /* history-random.png */; };
		04478658185159700050563B /* history-random.png in Resources */ = {isa = PBXBuildFile; fileRef = 0447864D185159700050563B /* history-random.png */; };
		04478659185159700050563B /* history-random@2x.png in Resources */ = {isa = PBXBuildFile; fileRef = 0447864E185159700050563B /* history-random@2x.png */; };
		0447865A185159700050563B /* history-random@2x.png in Resources */ = {isa = PBXBuildFile; fileRef = 0447864E185159700050563B /* history-random@2x.png */; };
		0447866F1852B5010050563B /* SessionSingleton.m in Sources */ = {isa = PBXBuildFile; fileRef = 0447866E1852B5010050563B /* SessionSingleton.m */; };
		044786701852B5010050563B /* SessionSingleton.m in Sources */ = {isa = PBXBuildFile; fileRef = 0447866E1852B5010050563B /* SessionSingleton.m */; };
		0447867C1852BBFE0050563B /* NSManagedObjectContext+SimpleFetch.m in Sources */ = {isa = PBXBuildFile; fileRef = 0447867B1852BBFE0050563B /* NSManagedObjectContext+SimpleFetch.m */; };
		0447867D1852BBFE0050563B /* NSManagedObjectContext+SimpleFetch.m in Sources */ = {isa = PBXBuildFile; fileRef = 0447867B1852BBFE0050563B /* NSManagedObjectContext+SimpleFetch.m */; };
		044786841856678A0050563B /* AlertLabel.m in Sources */ = {isa = PBXBuildFile; fileRef = 044786831856678A0050563B /* AlertLabel.m */; };
		044786851856678A0050563B /* AlertLabel.m in Sources */ = {isa = PBXBuildFile; fileRef = 044786831856678A0050563B /* AlertLabel.m */; };
		044786881856E4DB0050563B /* UIWebView+Reveal.m in Sources */ = {isa = PBXBuildFile; fileRef = 044786871856E4DB0050563B /* UIWebView+Reveal.m */; };
		044786891856E4DB0050563B /* UIWebView+Reveal.m in Sources */ = {isa = PBXBuildFile; fileRef = 044786871856E4DB0050563B /* UIWebView+Reveal.m */; };
		0466F44F183A30CC00EA1FD7 /* logo-search-placeholder.png in Resources */ = {isa = PBXBuildFile; fileRef = 0466F44D183A30CC00EA1FD7 /* logo-search-placeholder.png */; };
		0466F450183A30CC00EA1FD7 /* logo-search-placeholder@2x.png in Resources */ = {isa = PBXBuildFile; fileRef = 0466F44E183A30CC00EA1FD7 /* logo-search-placeholder@2x.png */; };
		047E74141860509000916964 /* SavedPagesResultPrototypeView.xib in Resources */ = {isa = PBXBuildFile; fileRef = 047E74131860509000916964 /* SavedPagesResultPrototypeView.xib */; };
		047E74151860509000916964 /* SavedPagesResultPrototypeView.xib in Resources */ = {isa = PBXBuildFile; fileRef = 047E74131860509000916964 /* SavedPagesResultPrototypeView.xib */; };
		04A47629183EF835009C0D82 /* w.png in Resources */ = {isa = PBXBuildFile; fileRef = 04A47627183EF835009C0D82 /* w.png */; };
		04A4762A183EF835009C0D82 /* w@2x.png in Resources */ = {isa = PBXBuildFile; fileRef = 04A47628183EF835009C0D82 /* w@2x.png */; };
		04A70FB61859663400E24515 /* Article.m in Sources */ = {isa = PBXBuildFile; fileRef = 04A70FB51859663400E24515 /* Article.m */; };
		04A70FB71859663400E24515 /* Article.m in Sources */ = {isa = PBXBuildFile; fileRef = 04A70FB51859663400E24515 /* Article.m */; };
		04A70FBA1859664000E24515 /* DiscoveryContext.m in Sources */ = {isa = PBXBuildFile; fileRef = 04A70FB91859664000E24515 /* DiscoveryContext.m */; };
		04A70FBB1859664000E24515 /* DiscoveryContext.m in Sources */ = {isa = PBXBuildFile; fileRef = 04A70FB91859664000E24515 /* DiscoveryContext.m */; };
		04A70FBE1859664E00E24515 /* GalleryImage.m in Sources */ = {isa = PBXBuildFile; fileRef = 04A70FBD1859664E00E24515 /* GalleryImage.m */; };
		04A70FBF1859664E00E24515 /* GalleryImage.m in Sources */ = {isa = PBXBuildFile; fileRef = 04A70FBD1859664E00E24515 /* GalleryImage.m */; };
		04A70FC21859665900E24515 /* History.m in Sources */ = {isa = PBXBuildFile; fileRef = 04A70FC11859665900E24515 /* History.m */; };
		04A70FC31859665900E24515 /* History.m in Sources */ = {isa = PBXBuildFile; fileRef = 04A70FC11859665900E24515 /* History.m */; };
		04A70FC61859666400E24515 /* Image.m in Sources */ = {isa = PBXBuildFile; fileRef = 04A70FC51859666400E24515 /* Image.m */; };
		04A70FC71859666400E24515 /* Image.m in Sources */ = {isa = PBXBuildFile; fileRef = 04A70FC51859666400E24515 /* Image.m */; };
		04A70FCA1859666F00E24515 /* Saved.m in Sources */ = {isa = PBXBuildFile; fileRef = 04A70FC91859666F00E24515 /* Saved.m */; };
		04A70FCB1859666F00E24515 /* Saved.m in Sources */ = {isa = PBXBuildFile; fileRef = 04A70FC91859666F00E24515 /* Saved.m */; };
		04A70FD2185A712000E24515 /* Section.m in Sources */ = {isa = PBXBuildFile; fileRef = 04A70FD1185A712000E24515 /* Section.m */; };
		04A70FD3185A712000E24515 /* Section.m in Sources */ = {isa = PBXBuildFile; fileRef = 04A70FD1185A712000E24515 /* Section.m */; };
		04A70FD7185BB6C300E24515 /* URLCache.m in Sources */ = {isa = PBXBuildFile; fileRef = 04A70FD6185BB6C300E24515 /* URLCache.m */; };
		04A70FD8185BB6C300E24515 /* URLCache.m in Sources */ = {isa = PBXBuildFile; fileRef = 04A70FD6185BB6C300E24515 /* URLCache.m */; };
		04C43A9D183440B0006C643B /* MWCrumbyTest.m in Sources */ = {isa = PBXBuildFile; fileRef = 04C43A9C183440B0006C643B /* MWCrumbyTest.m */; };
		04C43A9E183440B0006C643B /* MWCrumbyTest.m in Sources */ = {isa = PBXBuildFile; fileRef = 04C43A9C183440B0006C643B /* MWCrumbyTest.m */; };
		04C43AA4183440C1006C643B /* MWNetworkActivityIndicatorManager.m in Sources */ = {isa = PBXBuildFile; fileRef = 04C43AA1183440C1006C643B /* MWNetworkActivityIndicatorManager.m */; };
		04C43AA5183440C1006C643B /* MWNetworkActivityIndicatorManager.m in Sources */ = {isa = PBXBuildFile; fileRef = 04C43AA1183440C1006C643B /* MWNetworkActivityIndicatorManager.m */; };
		04C43AA6183440C1006C643B /* MWNetworkOp.m in Sources */ = {isa = PBXBuildFile; fileRef = 04C43AA3183440C1006C643B /* MWNetworkOp.m */; };
		04C43AA7183440C1006C643B /* MWNetworkOp.m in Sources */ = {isa = PBXBuildFile; fileRef = 04C43AA3183440C1006C643B /* MWNetworkOp.m */; };
		04C43AAC18344131006C643B /* bridge-index.html in Resources */ = {isa = PBXBuildFile; fileRef = 04C43AA918344131006C643B /* bridge-index.html */; };
		04C43AAD18344131006C643B /* bridge-index.html in Resources */ = {isa = PBXBuildFile; fileRef = 04C43AA918344131006C643B /* bridge-index.html */; };
		04C43AAE18344131006C643B /* CommunicationBridge.m in Sources */ = {isa = PBXBuildFile; fileRef = 04C43AAB18344131006C643B /* CommunicationBridge.m */; };
		04C43AAF18344131006C643B /* CommunicationBridge.m in Sources */ = {isa = PBXBuildFile; fileRef = 04C43AAB18344131006C643B /* CommunicationBridge.m */; };
		04C43AB61834423C006C643B /* NetworkOpCrumbyTests.m in Sources */ = {isa = PBXBuildFile; fileRef = 04C43AB51834423C006C643B /* NetworkOpCrumbyTests.m */; };
		04C43ABE183442FC006C643B /* NSRunLoop+TimeOutAndFlag.m in Sources */ = {isa = PBXBuildFile; fileRef = 04C43AB9183442FC006C643B /* NSRunLoop+TimeOutAndFlag.m */; };
		04C43ABF183442FC006C643B /* NSRunLoop+TimeOutAndFlag.m in Sources */ = {isa = PBXBuildFile; fileRef = 04C43AB9183442FC006C643B /* NSRunLoop+TimeOutAndFlag.m */; };
		04C43AC0183442FC006C643B /* NSString+Extras.m in Sources */ = {isa = PBXBuildFile; fileRef = 04C43ABB183442FC006C643B /* NSString+Extras.m */; };
		04C43AC1183442FC006C643B /* NSString+Extras.m in Sources */ = {isa = PBXBuildFile; fileRef = 04C43ABB183442FC006C643B /* NSString+Extras.m */; };
		04C43AC2183442FC006C643B /* NSURLRequest+DictionaryRequest.m in Sources */ = {isa = PBXBuildFile; fileRef = 04C43ABD183442FC006C643B /* NSURLRequest+DictionaryRequest.m */; };
		04C43AC3183442FC006C643B /* NSURLRequest+DictionaryRequest.m in Sources */ = {isa = PBXBuildFile; fileRef = 04C43ABD183442FC006C643B /* NSURLRequest+DictionaryRequest.m */; };
		04C43AC5183446F2006C643B /* NetworkOpTests.m in Sources */ = {isa = PBXBuildFile; fileRef = 04C43AC4183446F2006C643B /* NetworkOpTests.m */; };
		04D34D97186216AF00610A87 /* MainMenuTableViewController.m in Sources */ = {isa = PBXBuildFile; fileRef = 04D34D95186216AF00610A87 /* MainMenuTableViewController.m */; };
		04D34D98186216AF00610A87 /* MainMenuTableViewController.m in Sources */ = {isa = PBXBuildFile; fileRef = 04D34D95186216AF00610A87 /* MainMenuTableViewController.m */; };
		04D34D99186216AF00610A87 /* MainMenuResultPrototypeView.xib in Resources */ = {isa = PBXBuildFile; fileRef = 04D34D96186216AF00610A87 /* MainMenuResultPrototypeView.xib */; };
		04D34D9A186216AF00610A87 /* MainMenuResultPrototypeView.xib in Resources */ = {isa = PBXBuildFile; fileRef = 04D34D96186216AF00610A87 /* MainMenuResultPrototypeView.xib */; };
		04D34D9D186236D400610A87 /* MainMenuResultsCell.m in Sources */ = {isa = PBXBuildFile; fileRef = 04D34D9C186236D400610A87 /* MainMenuResultsCell.m */; };
		04D34D9E186236D400610A87 /* MainMenuResultsCell.m in Sources */ = {isa = PBXBuildFile; fileRef = 04D34D9C186236D400610A87 /* MainMenuResultsCell.m */; };
		04D34DA1186283AA00610A87 /* MainMenuSectionHeadingLabel.m in Sources */ = {isa = PBXBuildFile; fileRef = 04D34DA0186283AA00610A87 /* MainMenuSectionHeadingLabel.m */; };
		04D34DA2186283AA00610A87 /* MainMenuSectionHeadingLabel.m in Sources */ = {isa = PBXBuildFile; fileRef = 04D34DA0186283AA00610A87 /* MainMenuSectionHeadingLabel.m */; };
		04FD6C7A184EBFCD002CA02F /* ArticleData.xcdatamodeld in Sources */ = {isa = PBXBuildFile; fileRef = 04FD6C78184EBFCD002CA02F /* ArticleData.xcdatamodeld */; };
		04FD6C7B184EBFCD002CA02F /* ArticleData.xcdatamodeld in Sources */ = {isa = PBXBuildFile; fileRef = 04FD6C78184EBFCD002CA02F /* ArticleData.xcdatamodeld */; };
		D474CC11182AE033002BDE45 /* SiteTests.m in Sources */ = {isa = PBXBuildFile; fileRef = D474CC10182AE033002BDE45 /* SiteTests.m */; };
		D474CC15182AE196002BDE45 /* MWSite.m in Sources */ = {isa = PBXBuildFile; fileRef = D474CC14182AE196002BDE45 /* MWSite.m */; };
		D474CC16182AE196002BDE45 /* MWSite.m in Sources */ = {isa = PBXBuildFile; fileRef = D474CC14182AE196002BDE45 /* MWSite.m */; };
		D4991439181D51DE00E6073C /* Foundation.framework in Frameworks */ = {isa = PBXBuildFile; fileRef = D4991438181D51DE00E6073C /* Foundation.framework */; };
		D499143B181D51DE00E6073C /* CoreGraphics.framework in Frameworks */ = {isa = PBXBuildFile; fileRef = D499143A181D51DE00E6073C /* CoreGraphics.framework */; };
		D499143D181D51DE00E6073C /* UIKit.framework in Frameworks */ = {isa = PBXBuildFile; fileRef = D499143C181D51DE00E6073C /* UIKit.framework */; };
		D4991443181D51DE00E6073C /* InfoPlist.strings in Resources */ = {isa = PBXBuildFile; fileRef = D4991441181D51DE00E6073C /* InfoPlist.strings */; };
		D4991445181D51DE00E6073C /* main.m in Sources */ = {isa = PBXBuildFile; fileRef = D4991444181D51DE00E6073C /* main.m */; };
		D4991449181D51DE00E6073C /* AppDelegate.m in Sources */ = {isa = PBXBuildFile; fileRef = D4991448181D51DE00E6073C /* AppDelegate.m */; };
		D499144C181D51DE00E6073C /* Main_iPhone.storyboard in Resources */ = {isa = PBXBuildFile; fileRef = D499144A181D51DE00E6073C /* Main_iPhone.storyboard */; };
		D4991454181D51DE00E6073C /* Images.xcassets in Resources */ = {isa = PBXBuildFile; fileRef = D4991453181D51DE00E6073C /* Images.xcassets */; };
		D499145B181D51DF00E6073C /* XCTest.framework in Frameworks */ = {isa = PBXBuildFile; fileRef = D499145A181D51DF00E6073C /* XCTest.framework */; };
		D499145C181D51DF00E6073C /* Foundation.framework in Frameworks */ = {isa = PBXBuildFile; fileRef = D4991438181D51DE00E6073C /* Foundation.framework */; };
		D499145D181D51DF00E6073C /* UIKit.framework in Frameworks */ = {isa = PBXBuildFile; fileRef = D499143C181D51DE00E6073C /* UIKit.framework */; };
		D4991465181D51DF00E6073C /* InfoPlist.strings in Resources */ = {isa = PBXBuildFile; fileRef = D4991463181D51DF00E6073C /* InfoPlist.strings */; };
		D4991467181D51DF00E6073C /* Wikipedia_iOSTests.m in Sources */ = {isa = PBXBuildFile; fileRef = D4991466181D51DF00E6073C /* Wikipedia_iOSTests.m */; };
		D4BC22B4181E9E6300CAC673 /* empty.png in Resources */ = {isa = PBXBuildFile; fileRef = D4BC22B3181E9E6300CAC673 /* empty.png */; };
		D4DE203118283FF200148CA2 /* CommunicationBridgeTests.m in Sources */ = {isa = PBXBuildFile; fileRef = D4DE203018283FF200148CA2 /* CommunicationBridgeTests.m */; };
		D4EE00B9182443FC0090790F /* MWPageTitle.m in Sources */ = {isa = PBXBuildFile; fileRef = D4EE00B8182443FC0090790F /* MWPageTitle.m */; };
		D4EE00BA182443FC0090790F /* MWPageTitle.m in Sources */ = {isa = PBXBuildFile; fileRef = D4EE00B8182443FC0090790F /* MWPageTitle.m */; };
		D4EE00BD1824459D0090790F /* PageTitleTests.m in Sources */ = {isa = PBXBuildFile; fileRef = D4EE00BC1824459D0090790F /* PageTitleTests.m */; };
/* End PBXBuildFile section */

/* Begin PBXContainerItemProxy section */
		D499145E181D51DF00E6073C /* PBXContainerItemProxy */ = {
			isa = PBXContainerItemProxy;
			containerPortal = D499142D181D51DE00E6073C /* Project object */;
			proxyType = 1;
			remoteGlobalIDString = D4991434181D51DE00E6073C;
			remoteInfo = "Wikipedia-iOS";
		};
/* End PBXContainerItemProxy section */

/* Begin PBXFileReference section */
		040E5C4C184564D0007AFE6F /* ArticleDataModel.m */ = {isa = PBXFileReference; fileEncoding = 4; lastKnownFileType = sourcecode.c.objc; path = ArticleDataModel.m; sourceTree = "<group>"; };
		040E5C4E184566F4007AFE6F /* CoreData.framework */ = {isa = PBXFileReference; lastKnownFileType = wrapper.framework; name = CoreData.framework; path = System/Library/Frameworks/CoreData.framework; sourceTree = SDKROOT; };
		040E5C821846AC13007AFE6F /* ArticleDataContextSingleton.h */ = {isa = PBXFileReference; fileEncoding = 4; lastKnownFileType = sourcecode.c.h; path = ArticleDataContextSingleton.h; sourceTree = "<group>"; };
		040E5C831846AC13007AFE6F /* ArticleDataContextSingleton.m */ = {isa = PBXFileReference; fileEncoding = 4; lastKnownFileType = sourcecode.c.objc; path = ArticleDataContextSingleton.m; sourceTree = "<group>"; };
		04142A8D184F974E006EF779 /* NSDate-Utilities.h */ = {isa = PBXFileReference; fileEncoding = 4; lastKnownFileType = sourcecode.c.h; path = "NSDate-Utilities.h"; sourceTree = "<group>"; };
		04142A8E184F974E006EF779 /* NSDate-Utilities.m */ = {isa = PBXFileReference; fileEncoding = 4; lastKnownFileType = sourcecode.c.objc; path = "NSDate-Utilities.m"; sourceTree = "<group>"; };
		04292FE2185FB9D7002A13FC /* SearchNavController.h */ = {isa = PBXFileReference; fileEncoding = 4; lastKnownFileType = sourcecode.c.h; path = SearchNavController.h; sourceTree = "<group>"; };
		04292FE3185FB9D7002A13FC /* SearchNavController.m */ = {isa = PBXFileReference; fileEncoding = 4; lastKnownFileType = sourcecode.c.objc; path = SearchNavController.m; sourceTree = "<group>"; };
		04292FE4185FB9D7002A13FC /* SearchBarLogoView.h */ = {isa = PBXFileReference; fileEncoding = 4; lastKnownFileType = sourcecode.c.h; path = SearchBarLogoView.h; sourceTree = "<group>"; };
		04292FE5185FB9D7002A13FC /* SearchBarLogoView.m */ = {isa = PBXFileReference; fileEncoding = 4; lastKnownFileType = sourcecode.c.objc; path = SearchBarLogoView.m; sourceTree = "<group>"; };
		04292FEA185FBA3D002A13FC /* SearchBarTextField.h */ = {isa = PBXFileReference; fileEncoding = 4; lastKnownFileType = sourcecode.c.h; path = SearchBarTextField.h; sourceTree = "<group>"; };
		04292FEB185FBA3D002A13FC /* SearchBarTextField.m */ = {isa = PBXFileReference; fileEncoding = 4; lastKnownFileType = sourcecode.c.objc; path = SearchBarTextField.m; sourceTree = "<group>"; };
		04292FEF185FBA70002A13FC /* SearchResultCell.h */ = {isa = PBXFileReference; fileEncoding = 4; lastKnownFileType = sourcecode.c.h; path = SearchResultCell.h; sourceTree = "<group>"; };
		04292FF0185FBA70002A13FC /* SearchResultCell.m */ = {isa = PBXFileReference; fileEncoding = 4; lastKnownFileType = sourcecode.c.objc; path = SearchResultCell.m; sourceTree = "<group>"; };
		04292FF1185FBA70002A13FC /* SearchResultPrototypeView.xib */ = {isa = PBXFileReference; fileEncoding = 4; lastKnownFileType = file.xib; path = SearchResultPrototypeView.xib; sourceTree = "<group>"; };
		04292FF6185FBB0B002A13FC /* SearchResultsController.h */ = {isa = PBXFileReference; fileEncoding = 4; lastKnownFileType = sourcecode.c.h; path = SearchResultsController.h; sourceTree = "<group>"; };
		04292FF7185FBB0B002A13FC /* SearchResultsController.m */ = {isa = PBXFileReference; fileEncoding = 4; lastKnownFileType = sourcecode.c.objc; path = SearchResultsController.m; sourceTree = "<group>"; };
		04292FFC185FC026002A13FC /* Defines.h */ = {isa = PBXFileReference; fileEncoding = 4; lastKnownFileType = sourcecode.c.h; path = Defines.h; sourceTree = "<group>"; };
		04292FFE185FC2C7002A13FC /* QueuesSingleton.h */ = {isa = PBXFileReference; fileEncoding = 4; lastKnownFileType = sourcecode.c.h; path = QueuesSingleton.h; sourceTree = "<group>"; };
		04292FFF185FC2C7002A13FC /* QueuesSingleton.m */ = {isa = PBXFileReference; fileEncoding = 4; lastKnownFileType = sourcecode.c.objc; path = QueuesSingleton.m; sourceTree = "<group>"; };
		0429300318604898002A13FC /* SavedPagesResultCell.h */ = {isa = PBXFileReference; fileEncoding = 4; lastKnownFileType = sourcecode.c.h; path = SavedPagesResultCell.h; sourceTree = "<group>"; };
		0429300418604898002A13FC /* SavedPagesResultCell.m */ = {isa = PBXFileReference; fileEncoding = 4; lastKnownFileType = sourcecode.c.objc; path = SavedPagesResultCell.m; sourceTree = "<group>"; };
		0429300618604898002A13FC /* SavedPagesTableHeadingLabel.h */ = {isa = PBXFileReference; fileEncoding = 4; lastKnownFileType = sourcecode.c.h; path = SavedPagesTableHeadingLabel.h; sourceTree = "<group>"; };
		0429300718604898002A13FC /* SavedPagesTableHeadingLabel.m */ = {isa = PBXFileReference; fileEncoding = 4; lastKnownFileType = sourcecode.c.objc; path = SavedPagesTableHeadingLabel.m; sourceTree = "<group>"; };
		0429300818604898002A13FC /* SavedPagesViewController.h */ = {isa = PBXFileReference; fileEncoding = 4; lastKnownFileType = sourcecode.c.h; path = SavedPagesViewController.h; sourceTree = "<group>"; };
		0429300918604898002A13FC /* SavedPagesViewController.m */ = {isa = PBXFileReference; fileEncoding = 4; lastKnownFileType = sourcecode.c.objc; path = SavedPagesViewController.m; sourceTree = "<group>"; };
		04478620185145090050563B /* HistoryResultCell.h */ = {isa = PBXFileReference; fileEncoding = 4; lastKnownFileType = sourcecode.c.h; path = HistoryResultCell.h; sourceTree = "<group>"; };
		04478621185145090050563B /* HistoryResultCell.m */ = {isa = PBXFileReference; fileEncoding = 4; lastKnownFileType = sourcecode.c.objc; path = HistoryResultCell.m; sourceTree = "<group>"; };
		04478622185145090050563B /* HistoryResultPrototypeView.xib */ = {isa = PBXFileReference; fileEncoding = 4; lastKnownFileType = file.xib; path = HistoryResultPrototypeView.xib; sourceTree = "<group>"; };
		04478623185145090050563B /* HistoryViewController.h */ = {isa = PBXFileReference; fileEncoding = 4; lastKnownFileType = sourcecode.c.h; path = HistoryViewController.h; sourceTree = "<group>"; };
		04478624185145090050563B /* HistoryViewController.m */ = {isa = PBXFileReference; fileEncoding = 4; lastKnownFileType = sourcecode.c.objc; path = HistoryViewController.m; sourceTree = "<group>"; };
		0447862D185145090050563B /* WebViewController.h */ = {isa = PBXFileReference; fileEncoding = 4; lastKnownFileType = sourcecode.c.h; path = WebViewController.h; sourceTree = "<group>"; };
		0447862E185145090050563B /* WebViewController.m */ = {isa = PBXFileReference; fileEncoding = 4; lastKnownFileType = sourcecode.c.objc; path = WebViewController.m; sourceTree = "<group>"; };
		0447863F185146200050563B /* HistoryTableHeadingLabel.h */ = {isa = PBXFileReference; fileEncoding = 4; lastKnownFileType = sourcecode.c.h; path = HistoryTableHeadingLabel.h; sourceTree = "<group>"; };
		04478640185146200050563B /* HistoryTableHeadingLabel.m */ = {isa = PBXFileReference; fileEncoding = 4; lastKnownFileType = sourcecode.c.objc; path = HistoryTableHeadingLabel.m; sourceTree = "<group>"; };
		04478643185155750050563B /* history-search.png */ = {isa = PBXFileReference; lastKnownFileType = image.png; path = "history-search.png"; sourceTree = "<group>"; };
		04478644185155750050563B /* history-search@2x.png */ = {isa = PBXFileReference; lastKnownFileType = image.png; path = "history-search@2x.png"; sourceTree = "<group>"; };
		04478649185159700050563B /* history-external.png */ = {isa = PBXFileReference; lastKnownFileType = image.png; path = "history-external.png"; sourceTree = "<group>"; };
		0447864A185159700050563B /* history-external@2x.png */ = {isa = PBXFileReference; lastKnownFileType = image.png; path = "history-external@2x.png"; sourceTree = "<group>"; };
		0447864B185159700050563B /* history-link.png */ = {isa = PBXFileReference; lastKnownFileType = image.png; path = "history-link.png"; sourceTree = "<group>"; };
		0447864C185159700050563B /* history-link@2x.png */ = {isa = PBXFileReference; lastKnownFileType = image.png; path = "history-link@2x.png"; sourceTree = "<group>"; };
		0447864D185159700050563B /* history-random.png */ = {isa = PBXFileReference; lastKnownFileType = image.png; path = "history-random.png"; sourceTree = "<group>"; };
		0447864E185159700050563B /* history-random@2x.png */ = {isa = PBXFileReference; lastKnownFileType = image.png; path = "history-random@2x.png"; sourceTree = "<group>"; };
		0447866D1852B5010050563B /* SessionSingleton.h */ = {isa = PBXFileReference; fileEncoding = 4; lastKnownFileType = sourcecode.c.h; path = SessionSingleton.h; sourceTree = "<group>"; };
		0447866E1852B5010050563B /* SessionSingleton.m */ = {isa = PBXFileReference; fileEncoding = 4; lastKnownFileType = sourcecode.c.objc; path = SessionSingleton.m; sourceTree = "<group>"; };
		044786711852B61D0050563B /* ArticleCoreDataObjects.h */ = {isa = PBXFileReference; fileEncoding = 4; lastKnownFileType = sourcecode.c.h; path = ArticleCoreDataObjects.h; sourceTree = "<group>"; };
		0447867A1852BBFE0050563B /* NSManagedObjectContext+SimpleFetch.h */ = {isa = PBXFileReference; fileEncoding = 4; lastKnownFileType = sourcecode.c.h; path = "NSManagedObjectContext+SimpleFetch.h"; sourceTree = "<group>"; };
		0447867B1852BBFE0050563B /* NSManagedObjectContext+SimpleFetch.m */ = {isa = PBXFileReference; fileEncoding = 4; lastKnownFileType = sourcecode.c.objc; path = "NSManagedObjectContext+SimpleFetch.m"; sourceTree = "<group>"; };
		044786821856678A0050563B /* AlertLabel.h */ = {isa = PBXFileReference; fileEncoding = 4; lastKnownFileType = sourcecode.c.h; path = AlertLabel.h; sourceTree = "<group>"; };
		044786831856678A0050563B /* AlertLabel.m */ = {isa = PBXFileReference; fileEncoding = 4; lastKnownFileType = sourcecode.c.objc; path = AlertLabel.m; sourceTree = "<group>"; };
		044786861856E4DB0050563B /* UIWebView+Reveal.h */ = {isa = PBXFileReference; fileEncoding = 4; lastKnownFileType = sourcecode.c.h; path = "UIWebView+Reveal.h"; sourceTree = "<group>"; };
		044786871856E4DB0050563B /* UIWebView+Reveal.m */ = {isa = PBXFileReference; fileEncoding = 4; lastKnownFileType = sourcecode.c.objc; path = "UIWebView+Reveal.m"; sourceTree = "<group>"; };
		0466F44D183A30CC00EA1FD7 /* logo-search-placeholder.png */ = {isa = PBXFileReference; lastKnownFileType = image.png; path = "logo-search-placeholder.png"; sourceTree = "<group>"; };
		0466F44E183A30CC00EA1FD7 /* logo-search-placeholder@2x.png */ = {isa = PBXFileReference; lastKnownFileType = image.png; path = "logo-search-placeholder@2x.png"; sourceTree = "<group>"; };
		047E74131860509000916964 /* SavedPagesResultPrototypeView.xib */ = {isa = PBXFileReference; fileEncoding = 4; lastKnownFileType = file.xib; path = SavedPagesResultPrototypeView.xib; sourceTree = "<group>"; };
		04A47627183EF835009C0D82 /* w.png */ = {isa = PBXFileReference; lastKnownFileType = image.png; path = w.png; sourceTree = "<group>"; };
		04A47628183EF835009C0D82 /* w@2x.png */ = {isa = PBXFileReference; lastKnownFileType = image.png; path = "w@2x.png"; sourceTree = "<group>"; };
		04A70FB41859663400E24515 /* Article.h */ = {isa = PBXFileReference; fileEncoding = 4; lastKnownFileType = sourcecode.c.h; path = Article.h; sourceTree = "<group>"; };
		04A70FB51859663400E24515 /* Article.m */ = {isa = PBXFileReference; fileEncoding = 4; lastKnownFileType = sourcecode.c.objc; path = Article.m; sourceTree = "<group>"; };
		04A70FB81859664000E24515 /* DiscoveryContext.h */ = {isa = PBXFileReference; fileEncoding = 4; lastKnownFileType = sourcecode.c.h; path = DiscoveryContext.h; sourceTree = "<group>"; };
		04A70FB91859664000E24515 /* DiscoveryContext.m */ = {isa = PBXFileReference; fileEncoding = 4; lastKnownFileType = sourcecode.c.objc; path = DiscoveryContext.m; sourceTree = "<group>"; };
		04A70FBC1859664E00E24515 /* GalleryImage.h */ = {isa = PBXFileReference; fileEncoding = 4; lastKnownFileType = sourcecode.c.h; path = GalleryImage.h; sourceTree = "<group>"; };
		04A70FBD1859664E00E24515 /* GalleryImage.m */ = {isa = PBXFileReference; fileEncoding = 4; lastKnownFileType = sourcecode.c.objc; path = GalleryImage.m; sourceTree = "<group>"; };
		04A70FC01859665900E24515 /* History.h */ = {isa = PBXFileReference; fileEncoding = 4; lastKnownFileType = sourcecode.c.h; path = History.h; sourceTree = "<group>"; };
		04A70FC11859665900E24515 /* History.m */ = {isa = PBXFileReference; fileEncoding = 4; lastKnownFileType = sourcecode.c.objc; path = History.m; sourceTree = "<group>"; };
		04A70FC41859666400E24515 /* Image.h */ = {isa = PBXFileReference; fileEncoding = 4; lastKnownFileType = sourcecode.c.h; path = Image.h; sourceTree = "<group>"; };
		04A70FC51859666400E24515 /* Image.m */ = {isa = PBXFileReference; fileEncoding = 4; lastKnownFileType = sourcecode.c.objc; path = Image.m; sourceTree = "<group>"; };
		04A70FC81859666F00E24515 /* Saved.h */ = {isa = PBXFileReference; fileEncoding = 4; lastKnownFileType = sourcecode.c.h; path = Saved.h; sourceTree = "<group>"; };
		04A70FC91859666F00E24515 /* Saved.m */ = {isa = PBXFileReference; fileEncoding = 4; lastKnownFileType = sourcecode.c.objc; path = Saved.m; sourceTree = "<group>"; };
		04A70FD0185A712000E24515 /* Section.h */ = {isa = PBXFileReference; fileEncoding = 4; lastKnownFileType = sourcecode.c.h; path = Section.h; sourceTree = "<group>"; };
		04A70FD1185A712000E24515 /* Section.m */ = {isa = PBXFileReference; fileEncoding = 4; lastKnownFileType = sourcecode.c.objc; path = Section.m; sourceTree = "<group>"; };
		04A70FD5185BB6C300E24515 /* URLCache.h */ = {isa = PBXFileReference; fileEncoding = 4; lastKnownFileType = sourcecode.c.h; path = URLCache.h; sourceTree = "<group>"; };
		04A70FD6185BB6C300E24515 /* URLCache.m */ = {isa = PBXFileReference; fileEncoding = 4; lastKnownFileType = sourcecode.c.objc; path = URLCache.m; sourceTree = "<group>"; };
		04C43A9B183440B0006C643B /* MWCrumbyTest.h */ = {isa = PBXFileReference; fileEncoding = 4; lastKnownFileType = sourcecode.c.h; path = MWCrumbyTest.h; sourceTree = "<group>"; };
		04C43A9C183440B0006C643B /* MWCrumbyTest.m */ = {isa = PBXFileReference; fileEncoding = 4; lastKnownFileType = sourcecode.c.objc; path = MWCrumbyTest.m; sourceTree = "<group>"; };
		04C43AA0183440C1006C643B /* MWNetworkActivityIndicatorManager.h */ = {isa = PBXFileReference; fileEncoding = 4; lastKnownFileType = sourcecode.c.h; path = MWNetworkActivityIndicatorManager.h; sourceTree = "<group>"; };
		04C43AA1183440C1006C643B /* MWNetworkActivityIndicatorManager.m */ = {isa = PBXFileReference; fileEncoding = 4; lastKnownFileType = sourcecode.c.objc; path = MWNetworkActivityIndicatorManager.m; sourceTree = "<group>"; };
		04C43AA2183440C1006C643B /* MWNetworkOp.h */ = {isa = PBXFileReference; fileEncoding = 4; lastKnownFileType = sourcecode.c.h; path = MWNetworkOp.h; sourceTree = "<group>"; };
		04C43AA3183440C1006C643B /* MWNetworkOp.m */ = {isa = PBXFileReference; fileEncoding = 4; lastKnownFileType = sourcecode.c.objc; path = MWNetworkOp.m; sourceTree = "<group>"; };
		04C43AA918344131006C643B /* bridge-index.html */ = {isa = PBXFileReference; fileEncoding = 4; lastKnownFileType = text.html; path = "bridge-index.html"; sourceTree = "<group>"; };
		04C43AAA18344131006C643B /* CommunicationBridge.h */ = {isa = PBXFileReference; fileEncoding = 4; lastKnownFileType = sourcecode.c.h; path = CommunicationBridge.h; sourceTree = "<group>"; };
		04C43AAB18344131006C643B /* CommunicationBridge.m */ = {isa = PBXFileReference; fileEncoding = 4; lastKnownFileType = sourcecode.c.objc; path = CommunicationBridge.m; sourceTree = "<group>"; };
		04C43AB51834423C006C643B /* NetworkOpCrumbyTests.m */ = {isa = PBXFileReference; fileEncoding = 4; lastKnownFileType = sourcecode.c.objc; path = NetworkOpCrumbyTests.m; sourceTree = "<group>"; };
		04C43AB8183442FC006C643B /* NSRunLoop+TimeOutAndFlag.h */ = {isa = PBXFileReference; fileEncoding = 4; lastKnownFileType = sourcecode.c.h; path = "NSRunLoop+TimeOutAndFlag.h"; sourceTree = "<group>"; };
		04C43AB9183442FC006C643B /* NSRunLoop+TimeOutAndFlag.m */ = {isa = PBXFileReference; fileEncoding = 4; lastKnownFileType = sourcecode.c.objc; path = "NSRunLoop+TimeOutAndFlag.m"; sourceTree = "<group>"; };
		04C43ABA183442FC006C643B /* NSString+Extras.h */ = {isa = PBXFileReference; fileEncoding = 4; lastKnownFileType = sourcecode.c.h; path = "NSString+Extras.h"; sourceTree = "<group>"; };
		04C43ABB183442FC006C643B /* NSString+Extras.m */ = {isa = PBXFileReference; fileEncoding = 4; lastKnownFileType = sourcecode.c.objc; path = "NSString+Extras.m"; sourceTree = "<group>"; };
		04C43ABC183442FC006C643B /* NSURLRequest+DictionaryRequest.h */ = {isa = PBXFileReference; fileEncoding = 4; lastKnownFileType = sourcecode.c.h; path = "NSURLRequest+DictionaryRequest.h"; sourceTree = "<group>"; };
		04C43ABD183442FC006C643B /* NSURLRequest+DictionaryRequest.m */ = {isa = PBXFileReference; fileEncoding = 4; lastKnownFileType = sourcecode.c.objc; path = "NSURLRequest+DictionaryRequest.m"; sourceTree = "<group>"; };
		04C43AC4183446F2006C643B /* NetworkOpTests.m */ = {isa = PBXFileReference; fileEncoding = 4; lastKnownFileType = sourcecode.c.objc; path = NetworkOpTests.m; sourceTree = "<group>"; };
		04D34D94186216AF00610A87 /* MainMenuTableViewController.h */ = {isa = PBXFileReference; fileEncoding = 4; lastKnownFileType = sourcecode.c.h; path = MainMenuTableViewController.h; sourceTree = "<group>"; };
		04D34D95186216AF00610A87 /* MainMenuTableViewController.m */ = {isa = PBXFileReference; fileEncoding = 4; lastKnownFileType = sourcecode.c.objc; path = MainMenuTableViewController.m; sourceTree = "<group>"; };
		04D34D96186216AF00610A87 /* MainMenuResultPrototypeView.xib */ = {isa = PBXFileReference; fileEncoding = 4; lastKnownFileType = file.xib; path = MainMenuResultPrototypeView.xib; sourceTree = "<group>"; };
		04D34D9B186236D400610A87 /* MainMenuResultsCell.h */ = {isa = PBXFileReference; fileEncoding = 4; lastKnownFileType = sourcecode.c.h; path = MainMenuResultsCell.h; sourceTree = "<group>"; };
		04D34D9C186236D400610A87 /* MainMenuResultsCell.m */ = {isa = PBXFileReference; fileEncoding = 4; lastKnownFileType = sourcecode.c.objc; path = MainMenuResultsCell.m; sourceTree = "<group>"; };
		04D34D9F186283AA00610A87 /* MainMenuSectionHeadingLabel.h */ = {isa = PBXFileReference; fileEncoding = 4; lastKnownFileType = sourcecode.c.h; path = MainMenuSectionHeadingLabel.h; sourceTree = "<group>"; };
		04D34DA0186283AA00610A87 /* MainMenuSectionHeadingLabel.m */ = {isa = PBXFileReference; fileEncoding = 4; lastKnownFileType = sourcecode.c.objc; path = MainMenuSectionHeadingLabel.m; sourceTree = "<group>"; };
		04FD6C79184EBFCD002CA02F /* ArticleData.xcdatamodel */ = {isa = PBXFileReference; lastKnownFileType = wrapper.xcdatamodel; path = ArticleData.xcdatamodel; sourceTree = "<group>"; };
		D474CC10182AE033002BDE45 /* SiteTests.m */ = {isa = PBXFileReference; fileEncoding = 4; lastKnownFileType = sourcecode.c.objc; path = SiteTests.m; sourceTree = "<group>"; };
		D474CC12182AE07C002BDE45 /* WikipediaApp.h */ = {isa = PBXFileReference; fileEncoding = 4; lastKnownFileType = sourcecode.c.h; path = WikipediaApp.h; sourceTree = "<group>"; };
		D474CC13182AE196002BDE45 /* MWSite.h */ = {isa = PBXFileReference; fileEncoding = 4; lastKnownFileType = sourcecode.c.h; name = MWSite.h; path = "mw-support/MWSite.h"; sourceTree = "<group>"; };
		D474CC14182AE196002BDE45 /* MWSite.m */ = {isa = PBXFileReference; fileEncoding = 4; lastKnownFileType = sourcecode.c.objc; name = MWSite.m; path = "mw-support/MWSite.m"; sourceTree = "<group>"; };
		D4991435181D51DE00E6073C /* Wikipedia-iOS.app */ = {isa = PBXFileReference; explicitFileType = wrapper.application; includeInIndex = 0; path = "Wikipedia-iOS.app"; sourceTree = BUILT_PRODUCTS_DIR; };
		D4991438181D51DE00E6073C /* Foundation.framework */ = {isa = PBXFileReference; lastKnownFileType = wrapper.framework; name = Foundation.framework; path = System/Library/Frameworks/Foundation.framework; sourceTree = SDKROOT; };
		D499143A181D51DE00E6073C /* CoreGraphics.framework */ = {isa = PBXFileReference; lastKnownFileType = wrapper.framework; name = CoreGraphics.framework; path = System/Library/Frameworks/CoreGraphics.framework; sourceTree = SDKROOT; };
		D499143C181D51DE00E6073C /* UIKit.framework */ = {isa = PBXFileReference; lastKnownFileType = wrapper.framework; name = UIKit.framework; path = System/Library/Frameworks/UIKit.framework; sourceTree = SDKROOT; };
		D4991440181D51DE00E6073C /* Wikipedia-iOS-Info.plist */ = {isa = PBXFileReference; lastKnownFileType = text.plist.xml; path = "Wikipedia-iOS-Info.plist"; sourceTree = "<group>"; };
		D4991442181D51DE00E6073C /* en */ = {isa = PBXFileReference; lastKnownFileType = text.plist.strings; name = en; path = en.lproj/InfoPlist.strings; sourceTree = "<group>"; };
		D4991444181D51DE00E6073C /* main.m */ = {isa = PBXFileReference; lastKnownFileType = sourcecode.c.objc; path = main.m; sourceTree = "<group>"; };
		D4991446181D51DE00E6073C /* Wikipedia-iOS-Prefix.pch */ = {isa = PBXFileReference; lastKnownFileType = sourcecode.c.h; path = "Wikipedia-iOS-Prefix.pch"; sourceTree = "<group>"; };
		D4991447181D51DE00E6073C /* AppDelegate.h */ = {isa = PBXFileReference; lastKnownFileType = sourcecode.c.h; path = AppDelegate.h; sourceTree = "<group>"; };
		D4991448181D51DE00E6073C /* AppDelegate.m */ = {isa = PBXFileReference; lastKnownFileType = sourcecode.c.objc; path = AppDelegate.m; sourceTree = "<group>"; };
		D499144B181D51DE00E6073C /* Base */ = {isa = PBXFileReference; lastKnownFileType = file.storyboard; name = Base; path = Base.lproj/Main_iPhone.storyboard; sourceTree = "<group>"; };
		D4991453181D51DE00E6073C /* Images.xcassets */ = {isa = PBXFileReference; lastKnownFileType = folder.assetcatalog; name = Images.xcassets; path = "Wikipedia-iOS/Images.xcassets"; sourceTree = "<group>"; };
		D4991459181D51DF00E6073C /* Wikipedia-iOSTests.xctest */ = {isa = PBXFileReference; explicitFileType = wrapper.cfbundle; includeInIndex = 0; path = "Wikipedia-iOSTests.xctest"; sourceTree = BUILT_PRODUCTS_DIR; };
		D499145A181D51DF00E6073C /* XCTest.framework */ = {isa = PBXFileReference; lastKnownFileType = wrapper.framework; name = XCTest.framework; path = Library/Frameworks/XCTest.framework; sourceTree = DEVELOPER_DIR; };
		D4991462181D51DF00E6073C /* Wikipedia-iOSTests-Info.plist */ = {isa = PBXFileReference; lastKnownFileType = text.plist.xml; path = "Wikipedia-iOSTests-Info.plist"; sourceTree = "<group>"; };
		D4991464181D51DF00E6073C /* en */ = {isa = PBXFileReference; lastKnownFileType = text.plist.strings; name = en; path = en.lproj/InfoPlist.strings; sourceTree = "<group>"; };
		D4991466181D51DF00E6073C /* Wikipedia_iOSTests.m */ = {isa = PBXFileReference; lastKnownFileType = sourcecode.c.objc; path = Wikipedia_iOSTests.m; sourceTree = "<group>"; };
		D4BC22B3181E9E6300CAC673 /* empty.png */ = {isa = PBXFileReference; lastKnownFileType = image.png; path = empty.png; sourceTree = "<group>"; };
		D4DE203018283FF200148CA2 /* CommunicationBridgeTests.m */ = {isa = PBXFileReference; fileEncoding = 4; lastKnownFileType = sourcecode.c.objc; path = CommunicationBridgeTests.m; sourceTree = "<group>"; };
		D4EE00B7182443FC0090790F /* MWPageTitle.h */ = {isa = PBXFileReference; fileEncoding = 4; lastKnownFileType = sourcecode.c.h; name = MWPageTitle.h; path = "mw-support/MWPageTitle.h"; sourceTree = "<group>"; };
		D4EE00B8182443FC0090790F /* MWPageTitle.m */ = {isa = PBXFileReference; fileEncoding = 4; lastKnownFileType = sourcecode.c.objc; name = MWPageTitle.m; path = "mw-support/MWPageTitle.m"; sourceTree = "<group>"; };
		D4EE00BC1824459D0090790F /* PageTitleTests.m */ = {isa = PBXFileReference; fileEncoding = 4; lastKnownFileType = sourcecode.c.objc; name = PageTitleTests.m; path = "mw-support/PageTitleTests.m"; sourceTree = "<group>"; };
/* End PBXFileReference section */

/* Begin PBXFrameworksBuildPhase section */
		D4991432181D51DE00E6073C /* Frameworks */ = {
			isa = PBXFrameworksBuildPhase;
			buildActionMask = 2147483647;
			files = (
				D499143B181D51DE00E6073C /* CoreGraphics.framework in Frameworks */,
				D499143D181D51DE00E6073C /* UIKit.framework in Frameworks */,
				D4991439181D51DE00E6073C /* Foundation.framework in Frameworks */,
			);
			runOnlyForDeploymentPostprocessing = 0;
		};
		D4991456181D51DF00E6073C /* Frameworks */ = {
			isa = PBXFrameworksBuildPhase;
			buildActionMask = 2147483647;
			files = (
				040E5C4F184566F4007AFE6F /* CoreData.framework in Frameworks */,
				D499145B181D51DF00E6073C /* XCTest.framework in Frameworks */,
				D499145D181D51DF00E6073C /* UIKit.framework in Frameworks */,
				D499145C181D51DF00E6073C /* Foundation.framework in Frameworks */,
			);
			runOnlyForDeploymentPostprocessing = 0;
		};
/* End PBXFrameworksBuildPhase section */

/* Begin PBXGroup section */
		040E5C50184673F2007AFE6F /* Data */ = {
			isa = PBXGroup;
			children = (
				040E5C821846AC13007AFE6F /* ArticleDataContextSingleton.h */,
				040E5C831846AC13007AFE6F /* ArticleDataContextSingleton.m */,
				04EA7779184E4CED00D2F3C9 /* Model */,
			);
			path = Data;
			sourceTree = "<group>";
		};
		04292FE1185FB9D7002A13FC /* SearchNav */ = {
			isa = PBXGroup;
			children = (
				04292FE2185FB9D7002A13FC /* SearchNavController.h */,
				04292FE3185FB9D7002A13FC /* SearchNavController.m */,
				04292FE4185FB9D7002A13FC /* SearchBarLogoView.h */,
				04292FE5185FB9D7002A13FC /* SearchBarLogoView.m */,
				04292FEA185FBA3D002A13FC /* SearchBarTextField.h */,
				04292FEB185FBA3D002A13FC /* SearchBarTextField.m */,
			);
			path = SearchNav;
			sourceTree = "<group>";
		};
		04292FEE185FBA70002A13FC /* SearchResults */ = {
			isa = PBXGroup;
			children = (
				04292FF6185FBB0B002A13FC /* SearchResultsController.h */,
				04292FF7185FBB0B002A13FC /* SearchResultsController.m */,
				04292FEF185FBA70002A13FC /* SearchResultCell.h */,
				04292FF0185FBA70002A13FC /* SearchResultCell.m */,
				04292FF1185FBA70002A13FC /* SearchResultPrototypeView.xib */,
			);
			path = SearchResults;
			sourceTree = "<group>";
		};
		04292FFB185FC026002A13FC /* Defines */ = {
			isa = PBXGroup;
			children = (
				04292FFC185FC026002A13FC /* Defines.h */,
			);
			path = Defines;
			sourceTree = "<group>";
		};
		04292FFD185FC2C7002A13FC /* Queues */ = {
			isa = PBXGroup;
			children = (
				04292FFE185FC2C7002A13FC /* QueuesSingleton.h */,
				04292FFF185FC2C7002A13FC /* QueuesSingleton.m */,
			);
			path = Queues;
			sourceTree = "<group>";
		};
		04293002186030B0002A13FC /* SavedPages */ = {
			isa = PBXGroup;
			children = (
				0429300818604898002A13FC /* SavedPagesViewController.h */,
				0429300918604898002A13FC /* SavedPagesViewController.m */,
				0429300318604898002A13FC /* SavedPagesResultCell.h */,
				0429300418604898002A13FC /* SavedPagesResultCell.m */,
				0429300618604898002A13FC /* SavedPagesTableHeadingLabel.h */,
				0429300718604898002A13FC /* SavedPagesTableHeadingLabel.m */,
				047E74131860509000916964 /* SavedPagesResultPrototypeView.xib */,
			);
			path = SavedPages;
			sourceTree = "<group>";
		};
		0447861F185145090050563B /* History */ = {
			isa = PBXGroup;
			children = (
				04478623185145090050563B /* HistoryViewController.h */,
				04478624185145090050563B /* HistoryViewController.m */,
				04478620185145090050563B /* HistoryResultCell.h */,
				04478621185145090050563B /* HistoryResultCell.m */,
				0447863F185146200050563B /* HistoryTableHeadingLabel.h */,
				04478640185146200050563B /* HistoryTableHeadingLabel.m */,
				04478622185145090050563B /* HistoryResultPrototypeView.xib */,
			);
			path = History;
			sourceTree = "<group>";
		};
		04478625185145090050563B /* WebView */ = {
			isa = PBXGroup;
			children = (
				0447862D185145090050563B /* WebViewController.h */,
				0447862E185145090050563B /* WebViewController.m */,
				044786821856678A0050563B /* AlertLabel.h */,
				044786831856678A0050563B /* AlertLabel.m */,
			);
			path = WebView;
			sourceTree = "<group>";
		};
		0447866C1852B5010050563B /* Session */ = {
			isa = PBXGroup;
			children = (
				0447866D1852B5010050563B /* SessionSingleton.h */,
				0447866E1852B5010050563B /* SessionSingleton.m */,
			);
			path = Session;
			sourceTree = "<group>";
		};
		0466F44C183A30CC00EA1FD7 /* Images */ = {
			isa = PBXGroup;
			children = (
				04478643185155750050563B /* history-search.png */,
				04478644185155750050563B /* history-search@2x.png */,
				04478649185159700050563B /* history-external.png */,
				0447864A185159700050563B /* history-external@2x.png */,
				0447864B185159700050563B /* history-link.png */,
				0447864C185159700050563B /* history-link@2x.png */,
				0447864D185159700050563B /* history-random.png */,
				0447864E185159700050563B /* history-random@2x.png */,
				0466F44D183A30CC00EA1FD7 /* logo-search-placeholder.png */,
				0466F44E183A30CC00EA1FD7 /* logo-search-placeholder@2x.png */,
				04A47627183EF835009C0D82 /* w.png */,
				04A47628183EF835009C0D82 /* w@2x.png */,
			);
			path = Images;
			sourceTree = "<group>";
		};
		04A70FD4185BB6C300E24515 /* Web Image Interception */ = {
			isa = PBXGroup;
			children = (
				04A70FD5185BB6C300E24515 /* URLCache.h */,
				04A70FD6185BB6C300E24515 /* URLCache.m */,
			);
			path = "Web Image Interception";
			sourceTree = "<group>";
		};
		04C43A9A183440B0006C643B /* mw-crumbtest */ = {
			isa = PBXGroup;
			children = (
				04C43A9B183440B0006C643B /* MWCrumbyTest.h */,
				04C43A9C183440B0006C643B /* MWCrumbyTest.m */,
			);
			path = "mw-crumbtest";
			sourceTree = "<group>";
		};
		04C43A9F183440C1006C643B /* mw-network */ = {
			isa = PBXGroup;
			children = (
				04C43AA0183440C1006C643B /* MWNetworkActivityIndicatorManager.h */,
				04C43AA1183440C1006C643B /* MWNetworkActivityIndicatorManager.m */,
				04C43AA2183440C1006C643B /* MWNetworkOp.h */,
				04C43AA3183440C1006C643B /* MWNetworkOp.m */,
			);
			path = "mw-network";
			sourceTree = "<group>";
		};
		04C43AA818344131006C643B /* mw-bridge */ = {
			isa = PBXGroup;
			children = (
				04C43AA918344131006C643B /* bridge-index.html */,
				04C43AAA18344131006C643B /* CommunicationBridge.h */,
				04C43AAB18344131006C643B /* CommunicationBridge.m */,
			);
			path = "mw-bridge";
			sourceTree = "<group>";
		};
		04C43AB0183441A4006C643B /* View Controllers */ = {
			isa = PBXGroup;
			children = (
				0447861F185145090050563B /* History */,
				04D34D93186216AF00610A87 /* MainMenu */,
				04293002186030B0002A13FC /* SavedPages */,
				04292FE1185FB9D7002A13FC /* SearchNav */,
				04292FEE185FBA70002A13FC /* SearchResults */,
				04478625185145090050563B /* WebView */,
			);
			path = "View Controllers";
			sourceTree = "<group>";
		};
		04C43AB7183442FC006C643B /* Categories */ = {
			isa = PBXGroup;
			children = (
				044786861856E4DB0050563B /* UIWebView+Reveal.h */,
				044786871856E4DB0050563B /* UIWebView+Reveal.m */,
				04142A8D184F974E006EF779 /* NSDate-Utilities.h */,
				04142A8E184F974E006EF779 /* NSDate-Utilities.m */,
				0447867A1852BBFE0050563B /* NSManagedObjectContext+SimpleFetch.h */,
				0447867B1852BBFE0050563B /* NSManagedObjectContext+SimpleFetch.m */,
				04C43AB8183442FC006C643B /* NSRunLoop+TimeOutAndFlag.h */,
				04C43AB9183442FC006C643B /* NSRunLoop+TimeOutAndFlag.m */,
				04C43ABA183442FC006C643B /* NSString+Extras.h */,
				04C43ABB183442FC006C643B /* NSString+Extras.m */,
				04C43ABC183442FC006C643B /* NSURLRequest+DictionaryRequest.h */,
				04C43ABD183442FC006C643B /* NSURLRequest+DictionaryRequest.m */,
			);
			path = Categories;
			sourceTree = "<group>";
		};
		04D34D93186216AF00610A87 /* MainMenu */ = {
			isa = PBXGroup;
			children = (
				04D34D94186216AF00610A87 /* MainMenuTableViewController.h */,
				04D34D95186216AF00610A87 /* MainMenuTableViewController.m */,
				04D34D9B186236D400610A87 /* MainMenuResultsCell.h */,
				04D34D9C186236D400610A87 /* MainMenuResultsCell.m */,
				04D34D9F186283AA00610A87 /* MainMenuSectionHeadingLabel.h */,
				04D34DA0186283AA00610A87 /* MainMenuSectionHeadingLabel.m */,
				04D34D96186216AF00610A87 /* MainMenuResultPrototypeView.xib */,
			);
			path = MainMenu;
			sourceTree = "<group>";
		};
		04EA7779184E4CED00D2F3C9 /* Model */ = {
			isa = PBXGroup;
			children = (
				04A70FD0185A712000E24515 /* Section.h */,
				04A70FD1185A712000E24515 /* Section.m */,
				04FD6C78184EBFCD002CA02F /* ArticleData.xcdatamodeld */,
				04A70FC81859666F00E24515 /* Saved.h */,
				04A70FC91859666F00E24515 /* Saved.m */,
				04A70FC41859666400E24515 /* Image.h */,
				04A70FC51859666400E24515 /* Image.m */,
				04A70FC01859665900E24515 /* History.h */,
				04A70FC11859665900E24515 /* History.m */,
				04A70FBC1859664E00E24515 /* GalleryImage.h */,
				04A70FBD1859664E00E24515 /* GalleryImage.m */,
				04A70FB81859664000E24515 /* DiscoveryContext.h */,
				04A70FB91859664000E24515 /* DiscoveryContext.m */,
				04A70FB41859663400E24515 /* Article.h */,
				04A70FB51859663400E24515 /* Article.m */,
				044786711852B61D0050563B /* ArticleCoreDataObjects.h */,
			);
			path = Model;
			sourceTree = "<group>";
		};
		D499142C181D51DE00E6073C = {
			isa = PBXGroup;
			children = (
				D499143E181D51DE00E6073C /* Wikipedia-iOS */,
				D4991453181D51DE00E6073C /* Images.xcassets */,
				D4991460181D51DF00E6073C /* Wikipedia-iOSTests */,
				D4991437181D51DE00E6073C /* Frameworks */,
				D4991436181D51DE00E6073C /* Products */,
			);
			sourceTree = "<group>";
		};
		D4991436181D51DE00E6073C /* Products */ = {
			isa = PBXGroup;
			children = (
				D4991435181D51DE00E6073C /* Wikipedia-iOS.app */,
				D4991459181D51DF00E6073C /* Wikipedia-iOSTests.xctest */,
			);
			name = Products;
			sourceTree = "<group>";
		};
		D4991437181D51DE00E6073C /* Frameworks */ = {
			isa = PBXGroup;
			children = (
				040E5C4E184566F4007AFE6F /* CoreData.framework */,
				D4991438181D51DE00E6073C /* Foundation.framework */,
				D499143A181D51DE00E6073C /* CoreGraphics.framework */,
				D499143C181D51DE00E6073C /* UIKit.framework */,
				D499145A181D51DF00E6073C /* XCTest.framework */,
			);
			name = Frameworks;
			sourceTree = "<group>";
		};
		D499143E181D51DE00E6073C /* Wikipedia-iOS */ = {
			isa = PBXGroup;
			children = (
				D4BC22B3181E9E6300CAC673 /* empty.png */,
				D4991447181D51DE00E6073C /* AppDelegate.h */,
				D4991448181D51DE00E6073C /* AppDelegate.m */,
				D499144A181D51DE00E6073C /* Main_iPhone.storyboard */,
				04C43AB7183442FC006C643B /* Categories */,
				040E5C50184673F2007AFE6F /* Data */,
				04292FFB185FC026002A13FC /* Defines */,
				0466F44C183A30CC00EA1FD7 /* Images */,
				04292FFD185FC2C7002A13FC /* Queues */,
				0447866C1852B5010050563B /* Session */,
				04C43AB0183441A4006C643B /* View Controllers */,
				04A70FD4185BB6C300E24515 /* Web Image Interception */,
				D499143F181D51DE00E6073C /* Supporting Files */,
				04C43AA818344131006C643B /* mw-bridge */,
				04C43A9A183440B0006C643B /* mw-crumbtest */,
				04C43A9F183440C1006C643B /* mw-network */,
				D4EE00BB182445670090790F /* mw-support */,
			);
			path = "Wikipedia-iOS";
			sourceTree = "<group>";
		};
		D499143F181D51DE00E6073C /* Supporting Files */ = {
			isa = PBXGroup;
			children = (
				D4991440181D51DE00E6073C /* Wikipedia-iOS-Info.plist */,
				D4991441181D51DE00E6073C /* InfoPlist.strings */,
				D4991444181D51DE00E6073C /* main.m */,
				D4991446181D51DE00E6073C /* Wikipedia-iOS-Prefix.pch */,
			);
			name = "Supporting Files";
			sourceTree = "<group>";
		};
		D4991460181D51DF00E6073C /* Wikipedia-iOSTests */ = {
			isa = PBXGroup;
			children = (
				D4991466181D51DF00E6073C /* Wikipedia_iOSTests.m */,
				D4991461181D51DF00E6073C /* Supporting Files */,
				D4EE00BC1824459D0090790F /* PageTitleTests.m */,
				D4DE203018283FF200148CA2 /* CommunicationBridgeTests.m */,
				04C43AB51834423C006C643B /* NetworkOpCrumbyTests.m */,
				04C43AC4183446F2006C643B /* NetworkOpTests.m */,
				D474CC10182AE033002BDE45 /* SiteTests.m */,
				040E5C4C184564D0007AFE6F /* ArticleDataModel.m */,
			);
			path = "Wikipedia-iOSTests";
			sourceTree = "<group>";
		};
		D4991461181D51DF00E6073C /* Supporting Files */ = {
			isa = PBXGroup;
			children = (
				D4991462181D51DF00E6073C /* Wikipedia-iOSTests-Info.plist */,
				D4991463181D51DF00E6073C /* InfoPlist.strings */,
			);
			name = "Supporting Files";
			sourceTree = "<group>";
		};
		D4EE00BB182445670090790F /* mw-support */ = {
			isa = PBXGroup;
			children = (
				D474CC12182AE07C002BDE45 /* WikipediaApp.h */,
				D4EE00B7182443FC0090790F /* MWPageTitle.h */,
				D4EE00B8182443FC0090790F /* MWPageTitle.m */,
				D474CC13182AE196002BDE45 /* MWSite.h */,
				D474CC14182AE196002BDE45 /* MWSite.m */,
			);
			name = "mw-support";
			sourceTree = "<group>";
		};
/* End PBXGroup section */

/* Begin PBXNativeTarget section */
		D4991434181D51DE00E6073C /* Wikipedia-iOS */ = {
			isa = PBXNativeTarget;
			buildConfigurationList = D499146A181D51DF00E6073C /* Build configuration list for PBXNativeTarget "Wikipedia-iOS" */;
			buildPhases = (
				D4991431181D51DE00E6073C /* Sources */,
				D4991432181D51DE00E6073C /* Frameworks */,
				D4991433181D51DE00E6073C /* Resources */,
			);
			buildRules = (
			);
			dependencies = (
			);
			name = "Wikipedia-iOS";
			productName = "Wikipedia-iOS";
			productReference = D4991435181D51DE00E6073C /* Wikipedia-iOS.app */;
			productType = "com.apple.product-type.application";
		};
		D4991458181D51DF00E6073C /* Wikipedia-iOSTests */ = {
			isa = PBXNativeTarget;
			buildConfigurationList = D499146D181D51DF00E6073C /* Build configuration list for PBXNativeTarget "Wikipedia-iOSTests" */;
			buildPhases = (
				D4991455181D51DF00E6073C /* Sources */,
				D4991456181D51DF00E6073C /* Frameworks */,
				D4991457181D51DF00E6073C /* Resources */,
			);
			buildRules = (
			);
			dependencies = (
				D499145F181D51DF00E6073C /* PBXTargetDependency */,
			);
			name = "Wikipedia-iOSTests";
			productName = "Wikipedia-iOSTests";
			productReference = D4991459181D51DF00E6073C /* Wikipedia-iOSTests.xctest */;
			productType = "com.apple.product-type.bundle.unit-test";
		};
/* End PBXNativeTarget section */

/* Begin PBXProject section */
		D499142D181D51DE00E6073C /* Project object */ = {
			isa = PBXProject;
			attributes = {
				LastUpgradeCheck = 0500;
				ORGANIZATIONNAME = "Wikimedia Foundation";
				TargetAttributes = {
					D4991434181D51DE00E6073C = {
						DevelopmentTeam = AKK7J2GV64;
					};
					D4991458181D51DF00E6073C = {
						TestTargetID = D4991434181D51DE00E6073C;
					};
				};
			};
			buildConfigurationList = D4991430181D51DE00E6073C /* Build configuration list for PBXProject "Wikipedia-iOS" */;
			compatibilityVersion = "Xcode 3.2";
			developmentRegion = English;
			hasScannedForEncodings = 0;
			knownRegions = (
				en,
				Base,
			);
			mainGroup = D499142C181D51DE00E6073C;
			productRefGroup = D4991436181D51DE00E6073C /* Products */;
			projectDirPath = "";
			projectRoot = "";
			targets = (
				D4991434181D51DE00E6073C /* Wikipedia-iOS */,
				D4991458181D51DF00E6073C /* Wikipedia-iOSTests */,
			);
		};
/* End PBXProject section */

/* Begin PBXResourcesBuildPhase section */
		D4991433181D51DE00E6073C /* Resources */ = {
			isa = PBXResourcesBuildPhase;
			buildActionMask = 2147483647;
			files = (
				04478653185159700050563B /* history-link.png in Resources */,
				0466F44F183A30CC00EA1FD7 /* logo-search-placeholder.png in Resources */,
				04478655185159700050563B /* history-link@2x.png in Resources */,
				D4991454181D51DE00E6073C /* Images.xcassets in Resources */,
				D499144C181D51DE00E6073C /* Main_iPhone.storyboard in Resources */,
				04478631185145090050563B /* HistoryResultPrototypeView.xib in Resources */,
				04478659185159700050563B /* history-random@2x.png in Resources */,
				04C43AAC18344131006C643B /* bridge-index.html in Resources */,
				04292FF4185FBA70002A13FC /* SearchResultPrototypeView.xib in Resources */,
				D4991443181D51DE00E6073C /* InfoPlist.strings in Resources */,
				04A4762A183EF835009C0D82 /* w@2x.png in Resources */,
				047E74141860509000916964 /* SavedPagesResultPrototypeView.xib in Resources */,
				04A47629183EF835009C0D82 /* w.png in Resources */,
				D4BC22B4181E9E6300CAC673 /* empty.png in Resources */,
				04478645185155750050563B /* history-search.png in Resources */,
				04478651185159700050563B /* history-external@2x.png in Resources */,
				0447864F185159700050563B /* history-external.png in Resources */,
				04D34D99186216AF00610A87 /* MainMenuResultPrototypeView.xib in Resources */,
				0466F450183A30CC00EA1FD7 /* logo-search-placeholder@2x.png in Resources */,
				04478647185155750050563B /* history-search@2x.png in Resources */,
				04478657185159700050563B /* history-random.png in Resources */,
			);
			runOnlyForDeploymentPostprocessing = 0;
		};
		D4991457181D51DF00E6073C /* Resources */ = {
			isa = PBXResourcesBuildPhase;
			buildActionMask = 2147483647;
			files = (
				04478656185159700050563B /* history-link@2x.png in Resources */,
				0447865A185159700050563B /* history-random@2x.png in Resources */,
				04478658185159700050563B /* history-random.png in Resources */,
				04D34D9A186216AF00610A87 /* MainMenuResultPrototypeView.xib in Resources */,
				04C43AAD18344131006C643B /* bridge-index.html in Resources */,
				04478654185159700050563B /* history-link.png in Resources */,
				047E74151860509000916964 /* SavedPagesResultPrototypeView.xib in Resources */,
				04478632185145090050563B /* HistoryResultPrototypeView.xib in Resources */,
				04478648185155750050563B /* history-search@2x.png in Resources */,
				04478650185159700050563B /* history-external.png in Resources */,
				04292FF5185FBA70002A13FC /* SearchResultPrototypeView.xib in Resources */,
				04478646185155750050563B /* history-search.png in Resources */,
				04478652185159700050563B /* history-external@2x.png in Resources */,
				D4991465181D51DF00E6073C /* InfoPlist.strings in Resources */,
			);
			runOnlyForDeploymentPostprocessing = 0;
		};
/* End PBXResourcesBuildPhase section */

/* Begin PBXSourcesBuildPhase section */
		D4991431181D51DE00E6073C /* Sources */ = {
			isa = PBXSourcesBuildPhase;
			buildActionMask = 2147483647;
			files = (
				04C43AA4183440C1006C643B /* MWNetworkActivityIndicatorManager.m in Sources */,
				0447863D185145090050563B /* WebViewController.m in Sources */,
				D474CC15182AE196002BDE45 /* MWSite.m in Sources */,
				04A70FC61859666400E24515 /* Image.m in Sources */,
				0429301018604898002A13FC /* SavedPagesViewController.m in Sources */,
				04FD6C7A184EBFCD002CA02F /* ArticleData.xcdatamodeld in Sources */,
				D4EE00B9182443FC0090790F /* MWPageTitle.m in Sources */,
				04292FF2185FBA70002A13FC /* SearchResultCell.m in Sources */,
				04A70FB61859663400E24515 /* Article.m in Sources */,
				04D34D97186216AF00610A87 /* MainMenuTableViewController.m in Sources */,
				0447866F1852B5010050563B /* SessionSingleton.m in Sources */,
				04A70FBA1859664000E24515 /* DiscoveryContext.m in Sources */,
				0447867C1852BBFE0050563B /* NSManagedObjectContext+SimpleFetch.m in Sources */,
				04293000185FC2C7002A13FC /* QueuesSingleton.m in Sources */,
				04D34D9D186236D400610A87 /* MainMenuResultsCell.m in Sources */,
				04142A8F184F974E006EF779 /* NSDate-Utilities.m in Sources */,
				04C43AC2183442FC006C643B /* NSURLRequest+DictionaryRequest.m in Sources */,
				04A70FD7185BB6C300E24515 /* URLCache.m in Sources */,
				044786881856E4DB0050563B /* UIWebView+Reveal.m in Sources */,
				04D34DA1186283AA00610A87 /* MainMenuSectionHeadingLabel.m in Sources */,
				0429300A18604898002A13FC /* SavedPagesResultCell.m in Sources */,
				04C43ABE183442FC006C643B /* NSRunLoop+TimeOutAndFlag.m in Sources */,
				04C43AA6183440C1006C643B /* MWNetworkOp.m in Sources */,
				040E5C841846AC13007AFE6F /* ArticleDataContextSingleton.m in Sources */,
				04C43AAE18344131006C643B /* CommunicationBridge.m in Sources */,
				0429300E18604898002A13FC /* SavedPagesTableHeadingLabel.m in Sources */,
				D4991449181D51DE00E6073C /* AppDelegate.m in Sources */,
				04292FF8185FBB0B002A13FC /* SearchResultsController.m in Sources */,
				04478633185145090050563B /* HistoryViewController.m in Sources */,
				04A70FCA1859666F00E24515 /* Saved.m in Sources */,
				04478641185146210050563B /* HistoryTableHeadingLabel.m in Sources */,
				04A70FC21859665900E24515 /* History.m in Sources */,
				04292FE8185FB9D7002A13FC /* SearchBarLogoView.m in Sources */,
				044786841856678A0050563B /* AlertLabel.m in Sources */,
				04A70FD2185A712000E24515 /* Section.m in Sources */,
				04C43A9D183440B0006C643B /* MWCrumbyTest.m in Sources */,
				D4991445181D51DE00E6073C /* main.m in Sources */,
				04A70FBE1859664E00E24515 /* GalleryImage.m in Sources */,
				04292FE6185FB9D7002A13FC /* SearchNavController.m in Sources */,
				04292FEC185FBA3D002A13FC /* SearchBarTextField.m in Sources */,
				04C43AC0183442FC006C643B /* NSString+Extras.m in Sources */,
				0447862F185145090050563B /* HistoryResultCell.m in Sources */,
			);
			runOnlyForDeploymentPostprocessing = 0;
		};
		D4991455181D51DF00E6073C /* Sources */ = {
			isa = PBXSourcesBuildPhase;
			buildActionMask = 2147483647;
			files = (
				04292FF9185FBB0B002A13FC /* SearchResultsController.m in Sources */,
				04C43AA7183440C1006C643B /* MWNetworkOp.m in Sources */,
				0447863E185145090050563B /* WebViewController.m in Sources */,
				044786851856678A0050563B /* AlertLabel.m in Sources */,
				D474CC16182AE196002BDE45 /* MWSite.m in Sources */,
				04C43AAF18344131006C643B /* CommunicationBridge.m in Sources */,
				D4991467181D51DF00E6073C /* Wikipedia_iOSTests.m in Sources */,
				0429301118604899002A13FC /* SavedPagesViewController.m in Sources */,
				04A70FBB1859664000E24515 /* DiscoveryContext.m in Sources */,
				04A70FBF1859664E00E24515 /* GalleryImage.m in Sources */,
				04D34D9E186236D400610A87 /* MainMenuResultsCell.m in Sources */,
				04A70FCB1859666F00E24515 /* Saved.m in Sources */,
				04C43AC3183442FC006C643B /* NSURLRequest+DictionaryRequest.m in Sources */,
				04C43A9E183440B0006C643B /* MWCrumbyTest.m in Sources */,
				0447867D1852BBFE0050563B /* NSManagedObjectContext+SimpleFetch.m in Sources */,
				044786891856E4DB0050563B /* UIWebView+Reveal.m in Sources */,
				04C43AC5183446F2006C643B /* NetworkOpTests.m in Sources */,
				04A70FB71859663400E24515 /* Article.m in Sources */,
				04A70FC31859665900E24515 /* History.m in Sources */,
				04293001185FC2C7002A13FC /* QueuesSingleton.m in Sources */,
				04C43AA5183440C1006C643B /* MWNetworkActivityIndicatorManager.m in Sources */,
				04C43ABF183442FC006C643B /* NSRunLoop+TimeOutAndFlag.m in Sources */,
				D4EE00BD1824459D0090790F /* PageTitleTests.m in Sources */,
				04292FE7185FB9D7002A13FC /* SearchNavController.m in Sources */,
				04C43AB61834423C006C643B /* NetworkOpCrumbyTests.m in Sources */,
				044786701852B5010050563B /* SessionSingleton.m in Sources */,
				04D34DA2186283AA00610A87 /* MainMenuSectionHeadingLabel.m in Sources */,
				04A70FD8185BB6C300E24515 /* URLCache.m in Sources */,
				04478634185145090050563B /* HistoryViewController.m in Sources */,
				04C43AC1183442FC006C643B /* NSString+Extras.m in Sources */,
				04FD6C7B184EBFCD002CA02F /* ArticleData.xcdatamodeld in Sources */,
				04478630185145090050563B /* HistoryResultCell.m in Sources */,
				0429300F18604898002A13FC /* SavedPagesTableHeadingLabel.m in Sources */,
				040E5C851846AC13007AFE6F /* ArticleDataContextSingleton.m in Sources */,
				04A70FC71859666400E24515 /* Image.m in Sources */,
				04A70FD3185A712000E24515 /* Section.m in Sources */,
				040E5C4D184564D0007AFE6F /* ArticleDataModel.m in Sources */,
				D474CC11182AE033002BDE45 /* SiteTests.m in Sources */,
				D4EE00BA182443FC0090790F /* MWPageTitle.m in Sources */,
				04292FF3185FBA70002A13FC /* SearchResultCell.m in Sources */,
				04478642185146210050563B /* HistoryTableHeadingLabel.m in Sources */,
				04292FED185FBA3D002A13FC /* SearchBarTextField.m in Sources */,
				D4DE203118283FF200148CA2 /* CommunicationBridgeTests.m in Sources */,
				0429300B18604898002A13FC /* SavedPagesResultCell.m in Sources */,
				04142A90184F974E006EF779 /* NSDate-Utilities.m in Sources */,
				04292FE9185FB9D7002A13FC /* SearchBarLogoView.m in Sources */,
				04D34D98186216AF00610A87 /* MainMenuTableViewController.m in Sources */,
			);
			runOnlyForDeploymentPostprocessing = 0;
		};
/* End PBXSourcesBuildPhase section */

/* Begin PBXTargetDependency section */
		D499145F181D51DF00E6073C /* PBXTargetDependency */ = {
			isa = PBXTargetDependency;
			target = D4991434181D51DE00E6073C /* Wikipedia-iOS */;
			targetProxy = D499145E181D51DF00E6073C /* PBXContainerItemProxy */;
		};
/* End PBXTargetDependency section */

/* Begin PBXVariantGroup section */
		D4991441181D51DE00E6073C /* InfoPlist.strings */ = {
			isa = PBXVariantGroup;
			children = (
				D4991442181D51DE00E6073C /* en */,
			);
			name = InfoPlist.strings;
			sourceTree = "<group>";
		};
		D499144A181D51DE00E6073C /* Main_iPhone.storyboard */ = {
			isa = PBXVariantGroup;
			children = (
				D499144B181D51DE00E6073C /* Base */,
			);
			name = Main_iPhone.storyboard;
			sourceTree = "<group>";
		};
		D4991463181D51DF00E6073C /* InfoPlist.strings */ = {
			isa = PBXVariantGroup;
			children = (
				D4991464181D51DF00E6073C /* en */,
			);
			name = InfoPlist.strings;
			sourceTree = "<group>";
		};
/* End PBXVariantGroup section */

/* Begin XCBuildConfiguration section */
		04C43B0F1839DAEE006C643B /* Test */ = {
			isa = XCBuildConfiguration;
			buildSettings = {
				ALWAYS_SEARCH_USER_PATHS = NO;
				ARCHS = "$(ARCHS_STANDARD_INCLUDING_64_BIT)";
				CLANG_CXX_LANGUAGE_STANDARD = "gnu++0x";
				CLANG_CXX_LIBRARY = "libc++";
				CLANG_ENABLE_MODULES = YES;
				CLANG_ENABLE_OBJC_ARC = YES;
				CLANG_WARN_BOOL_CONVERSION = YES;
				CLANG_WARN_CONSTANT_CONVERSION = YES;
				CLANG_WARN_DIRECT_OBJC_ISA_USAGE = YES_ERROR;
				CLANG_WARN_EMPTY_BODY = YES;
				CLANG_WARN_ENUM_CONVERSION = YES;
				CLANG_WARN_INT_CONVERSION = YES;
				CLANG_WARN_OBJC_ROOT_CLASS = YES_ERROR;
				CLANG_WARN__DUPLICATE_METHOD_MATCH = YES;
				"CODE_SIGN_IDENTITY[sdk=iphoneos*]" = "iPhone Developer";
				COPY_PHASE_STRIP = NO;
				GCC_C_LANGUAGE_STANDARD = gnu99;
				GCC_DYNAMIC_NO_PIC = NO;
				GCC_OPTIMIZATION_LEVEL = 0;
				GCC_PREPROCESSOR_DEFINITIONS = (
					"DEBUG=1",
					"$(inherited)",
				);
				GCC_SYMBOLS_PRIVATE_EXTERN = NO;
				GCC_WARN_64_TO_32_BIT_CONVERSION = YES;
				GCC_WARN_ABOUT_RETURN_TYPE = YES_ERROR;
				GCC_WARN_UNDECLARED_SELECTOR = YES;
				GCC_WARN_UNINITIALIZED_AUTOS = YES;
				GCC_WARN_UNUSED_FUNCTION = YES;
				GCC_WARN_UNUSED_VARIABLE = YES;
				IPHONEOS_DEPLOYMENT_TARGET = 7.0;
				ONLY_ACTIVE_ARCH = YES;
				SDKROOT = iphoneos;
				TARGETED_DEVICE_FAMILY = "1,2";
			};
			name = Test;
		};
		04C43B101839DAEE006C643B /* Test */ = {
			isa = XCBuildConfiguration;
			buildSettings = {
				ASSETCATALOG_COMPILER_APPICON_NAME = AppIcon;
				ASSETCATALOG_COMPILER_LAUNCHIMAGE_NAME = LaunchImage;
				CODE_SIGN_IDENTITY = "iPhone Developer";
				"CODE_SIGN_IDENTITY[sdk=iphoneos*]" = "iPhone Developer";
				GCC_PRECOMPILE_PREFIX_HEADER = YES;
				GCC_PREFIX_HEADER = "Wikipedia-iOS/Wikipedia-iOS-Prefix.pch";
				INFOPLIST_FILE = "Wikipedia-iOS/Wikipedia-iOS-Info.plist";
				IPHONEOS_DEPLOYMENT_TARGET = 6.0;
				PRODUCT_NAME = "$(TARGET_NAME)";
				PROVISIONING_PROFILE = "";
				WRAPPER_EXTENSION = app;
			};
			name = Test;
		};
		04C43B111839DAEE006C643B /* Test */ = {
			isa = XCBuildConfiguration;
			buildSettings = {
				ARCHS = "$(ARCHS_STANDARD_INCLUDING_64_BIT)";
				BUNDLE_LOADER = "$(BUILT_PRODUCTS_DIR)/Wikipedia-iOS.app/Wikipedia-iOS";
				FRAMEWORK_SEARCH_PATHS = (
					"$(SDKROOT)/Developer/Library/Frameworks",
					"$(inherited)",
					"$(DEVELOPER_FRAMEWORKS_DIR)",
				);
				GCC_PRECOMPILE_PREFIX_HEADER = YES;
				GCC_PREFIX_HEADER = "Wikipedia-iOS/Wikipedia-iOS-Prefix.pch";
				GCC_PREPROCESSOR_DEFINITIONS = (
					"DEBUG=1",
					"$(inherited)",
				);
				INFOPLIST_FILE = "Wikipedia-iOSTests/Wikipedia-iOSTests-Info.plist";
				PRODUCT_NAME = "$(TARGET_NAME)";
				TEST_HOST = "$(BUNDLE_LOADER)";
				WRAPPER_EXTENSION = xctest;
			};
			name = Test;
		};
		D4991468181D51DF00E6073C /* Debug */ = {
			isa = XCBuildConfiguration;
			buildSettings = {
				ALWAYS_SEARCH_USER_PATHS = NO;
				ARCHS = "$(ARCHS_STANDARD_INCLUDING_64_BIT)";
				CLANG_CXX_LANGUAGE_STANDARD = "gnu++0x";
				CLANG_CXX_LIBRARY = "libc++";
				CLANG_ENABLE_MODULES = YES;
				CLANG_ENABLE_OBJC_ARC = YES;
				CLANG_WARN_BOOL_CONVERSION = YES;
				CLANG_WARN_CONSTANT_CONVERSION = YES;
				CLANG_WARN_DIRECT_OBJC_ISA_USAGE = YES_ERROR;
				CLANG_WARN_EMPTY_BODY = YES;
				CLANG_WARN_ENUM_CONVERSION = YES;
				CLANG_WARN_INT_CONVERSION = YES;
				CLANG_WARN_OBJC_ROOT_CLASS = YES_ERROR;
				CLANG_WARN__DUPLICATE_METHOD_MATCH = YES;
				"CODE_SIGN_IDENTITY[sdk=iphoneos*]" = "iPhone Developer";
				COPY_PHASE_STRIP = NO;
				GCC_C_LANGUAGE_STANDARD = gnu99;
				GCC_DYNAMIC_NO_PIC = NO;
				GCC_OPTIMIZATION_LEVEL = 0;
				GCC_PREPROCESSOR_DEFINITIONS = (
					"DEBUG=1",
					"$(inherited)",
				);
				GCC_SYMBOLS_PRIVATE_EXTERN = NO;
				GCC_WARN_64_TO_32_BIT_CONVERSION = YES;
				GCC_WARN_ABOUT_RETURN_TYPE = YES_ERROR;
				GCC_WARN_UNDECLARED_SELECTOR = YES;
				GCC_WARN_UNINITIALIZED_AUTOS = YES;
				GCC_WARN_UNUSED_FUNCTION = YES;
				GCC_WARN_UNUSED_VARIABLE = YES;
				IPHONEOS_DEPLOYMENT_TARGET = 7.0;
				ONLY_ACTIVE_ARCH = YES;
				SDKROOT = iphoneos;
				TARGETED_DEVICE_FAMILY = "1,2";
			};
			name = Debug;
		};
		D4991469181D51DF00E6073C /* Release */ = {
			isa = XCBuildConfiguration;
			buildSettings = {
				ALWAYS_SEARCH_USER_PATHS = NO;
				ARCHS = "$(ARCHS_STANDARD_INCLUDING_64_BIT)";
				CLANG_CXX_LANGUAGE_STANDARD = "gnu++0x";
				CLANG_CXX_LIBRARY = "libc++";
				CLANG_ENABLE_MODULES = YES;
				CLANG_ENABLE_OBJC_ARC = YES;
				CLANG_WARN_BOOL_CONVERSION = YES;
				CLANG_WARN_CONSTANT_CONVERSION = YES;
				CLANG_WARN_DIRECT_OBJC_ISA_USAGE = YES_ERROR;
				CLANG_WARN_EMPTY_BODY = YES;
				CLANG_WARN_ENUM_CONVERSION = YES;
				CLANG_WARN_INT_CONVERSION = YES;
				CLANG_WARN_OBJC_ROOT_CLASS = YES_ERROR;
				CLANG_WARN__DUPLICATE_METHOD_MATCH = YES;
				"CODE_SIGN_IDENTITY[sdk=iphoneos*]" = "iPhone Developer";
				COPY_PHASE_STRIP = YES;
				ENABLE_NS_ASSERTIONS = NO;
				GCC_C_LANGUAGE_STANDARD = gnu99;
				GCC_WARN_64_TO_32_BIT_CONVERSION = YES;
				GCC_WARN_ABOUT_RETURN_TYPE = YES_ERROR;
				GCC_WARN_UNDECLARED_SELECTOR = YES;
				GCC_WARN_UNINITIALIZED_AUTOS = YES;
				GCC_WARN_UNUSED_FUNCTION = YES;
				GCC_WARN_UNUSED_VARIABLE = YES;
				IPHONEOS_DEPLOYMENT_TARGET = 7.0;
				SDKROOT = iphoneos;
				TARGETED_DEVICE_FAMILY = "1,2";
				VALIDATE_PRODUCT = YES;
			};
			name = Release;
		};
		D499146B181D51DF00E6073C /* Debug */ = {
			isa = XCBuildConfiguration;
			buildSettings = {
				ASSETCATALOG_COMPILER_APPICON_NAME = AppIcon;
				ASSETCATALOG_COMPILER_LAUNCHIMAGE_NAME = LaunchImage;
				CODE_SIGN_IDENTITY = "iPhone Developer";
				"CODE_SIGN_IDENTITY[sdk=iphoneos*]" = "iPhone Developer";
				GCC_PRECOMPILE_PREFIX_HEADER = YES;
				GCC_PREFIX_HEADER = "Wikipedia-iOS/Wikipedia-iOS-Prefix.pch";
				INFOPLIST_FILE = "Wikipedia-iOS/Wikipedia-iOS-Info.plist";
				IPHONEOS_DEPLOYMENT_TARGET = 6.0;
				PRODUCT_NAME = "$(TARGET_NAME)";
				PROVISIONING_PROFILE = "";
				WRAPPER_EXTENSION = app;
			};
			name = Debug;
		};
		D499146C181D51DF00E6073C /* Release */ = {
			isa = XCBuildConfiguration;
			buildSettings = {
				ASSETCATALOG_COMPILER_APPICON_NAME = AppIcon;
				ASSETCATALOG_COMPILER_LAUNCHIMAGE_NAME = LaunchImage;
				CODE_SIGN_IDENTITY = "iPhone Developer";
				"CODE_SIGN_IDENTITY[sdk=iphoneos*]" = "iPhone Developer";
				GCC_PRECOMPILE_PREFIX_HEADER = YES;
				GCC_PREFIX_HEADER = "Wikipedia-iOS/Wikipedia-iOS-Prefix.pch";
				INFOPLIST_FILE = "Wikipedia-iOS/Wikipedia-iOS-Info.plist";
				IPHONEOS_DEPLOYMENT_TARGET = 6.0;
				PRODUCT_NAME = "$(TARGET_NAME)";
				PROVISIONING_PROFILE = "";
				WRAPPER_EXTENSION = app;
			};
			name = Release;
		};
		D499146E181D51DF00E6073C /* Debug */ = {
			isa = XCBuildConfiguration;
			buildSettings = {
				ARCHS = "$(ARCHS_STANDARD_INCLUDING_64_BIT)";
				BUNDLE_LOADER = "$(BUILT_PRODUCTS_DIR)/Wikipedia-iOS.app/Wikipedia-iOS";
				FRAMEWORK_SEARCH_PATHS = (
					"$(SDKROOT)/Developer/Library/Frameworks",
					"$(inherited)",
					"$(DEVELOPER_FRAMEWORKS_DIR)",
				);
				GCC_PRECOMPILE_PREFIX_HEADER = YES;
				GCC_PREFIX_HEADER = "Wikipedia-iOS/Wikipedia-iOS-Prefix.pch";
				GCC_PREPROCESSOR_DEFINITIONS = (
					"DEBUG=1",
					"$(inherited)",
				);
				INFOPLIST_FILE = "Wikipedia-iOSTests/Wikipedia-iOSTests-Info.plist";
				PRODUCT_NAME = "$(TARGET_NAME)";
				TEST_HOST = "$(BUNDLE_LOADER)";
				WRAPPER_EXTENSION = xctest;
			};
			name = Debug;
		};
		D499146F181D51DF00E6073C /* Release */ = {
			isa = XCBuildConfiguration;
			buildSettings = {
				ARCHS = "$(ARCHS_STANDARD_INCLUDING_64_BIT)";
				BUNDLE_LOADER = "$(BUILT_PRODUCTS_DIR)/Wikipedia-iOS.app/Wikipedia-iOS";
				FRAMEWORK_SEARCH_PATHS = (
					"$(SDKROOT)/Developer/Library/Frameworks",
					"$(inherited)",
					"$(DEVELOPER_FRAMEWORKS_DIR)",
				);
				GCC_PRECOMPILE_PREFIX_HEADER = YES;
				GCC_PREFIX_HEADER = "Wikipedia-iOS/Wikipedia-iOS-Prefix.pch";
				INFOPLIST_FILE = "Wikipedia-iOSTests/Wikipedia-iOSTests-Info.plist";
				PRODUCT_NAME = "$(TARGET_NAME)";
				TEST_HOST = "$(BUNDLE_LOADER)";
				WRAPPER_EXTENSION = xctest;
			};
			name = Release;
		};
/* End XCBuildConfiguration section */

/* Begin XCConfigurationList section */
		D4991430181D51DE00E6073C /* Build configuration list for PBXProject "Wikipedia-iOS" */ = {
			isa = XCConfigurationList;
			buildConfigurations = (
				D4991468181D51DF00E6073C /* Debug */,
				04C43B0F1839DAEE006C643B /* Test */,
				D4991469181D51DF00E6073C /* Release */,
			);
			defaultConfigurationIsVisible = 0;
			defaultConfigurationName = Release;
		};
		D499146A181D51DF00E6073C /* Build configuration list for PBXNativeTarget "Wikipedia-iOS" */ = {
			isa = XCConfigurationList;
			buildConfigurations = (
				D499146B181D51DF00E6073C /* Debug */,
				04C43B101839DAEE006C643B /* Test */,
				D499146C181D51DF00E6073C /* Release */,
			);
			defaultConfigurationIsVisible = 0;
			defaultConfigurationName = Release;
		};
		D499146D181D51DF00E6073C /* Build configuration list for PBXNativeTarget "Wikipedia-iOSTests" */ = {
			isa = XCConfigurationList;
			buildConfigurations = (
				D499146E181D51DF00E6073C /* Debug */,
				04C43B111839DAEE006C643B /* Test */,
				D499146F181D51DF00E6073C /* Release */,
			);
			defaultConfigurationIsVisible = 0;
			defaultConfigurationName = Release;
		};
/* End XCConfigurationList section */

/* Begin XCVersionGroup section */
		04FD6C78184EBFCD002CA02F /* ArticleData.xcdatamodeld */ = {
			isa = XCVersionGroup;
			children = (
				04FD6C79184EBFCD002CA02F /* ArticleData.xcdatamodel */,
			);
			currentVersion = 04FD6C79184EBFCD002CA02F /* ArticleData.xcdatamodel */;
			path = ArticleData.xcdatamodeld;
			sourceTree = "<group>";
			versionGroupType = wrapper.xcdatamodel;
		};
/* End XCVersionGroup section */
	};
	rootObject = D499142D181D51DE00E6073C /* Project object */;
}
