// !$*UTF8*$!
{
	archiveVersion = 1;
	classes = {
	};
	objectVersion = 46;
	objects = {

/* Begin PBXBuildFile section */
		D4991439181D51DE00E6073C /* Foundation.framework in Frameworks */ = {isa = PBXBuildFile; fileRef = D4991438181D51DE00E6073C /* Foundation.framework */; };
		D499143B181D51DE00E6073C /* CoreGraphics.framework in Frameworks */ = {isa = PBXBuildFile; fileRef = D499143A181D51DE00E6073C /* CoreGraphics.framework */; };
		D499143D181D51DE00E6073C /* UIKit.framework in Frameworks */ = {isa = PBXBuildFile; fileRef = D499143C181D51DE00E6073C /* UIKit.framework */; };
		D4991443181D51DE00E6073C /* InfoPlist.strings in Resources */ = {isa = PBXBuildFile; fileRef = D4991441181D51DE00E6073C /* InfoPlist.strings */; };
		D4991445181D51DE00E6073C /* main.m in Sources */ = {isa = PBXBuildFile; fileRef = D4991444181D51DE00E6073C /* main.m */; };
		D4991449181D51DE00E6073C /* AppDelegate.m in Sources */ = {isa = PBXBuildFile; fileRef = D4991448181D51DE00E6073C /* AppDelegate.m */; };
		D499144C181D51DE00E6073C /* Main_iPhone.storyboard in Resources */ = {isa = PBXBuildFile; fileRef = D499144A181D51DE00E6073C /* Main_iPhone.storyboard */; };
		D4991452181D51DE00E6073C /* ViewController.m in Sources */ = {isa = PBXBuildFile; fileRef = D4991451181D51DE00E6073C /* ViewController.m */; };
		D4991454181D51DE00E6073C /* Images.xcassets in Resources */ = {isa = PBXBuildFile; fileRef = D4991453181D51DE00E6073C /* Images.xcassets */; };
		D499145B181D51DF00E6073C /* XCTest.framework in Frameworks */ = {isa = PBXBuildFile; fileRef = D499145A181D51DF00E6073C /* XCTest.framework */; };
		D499145C181D51DF00E6073C /* Foundation.framework in Frameworks */ = {isa = PBXBuildFile; fileRef = D4991438181D51DE00E6073C /* Foundation.framework */; };
		D499145D181D51DF00E6073C /* UIKit.framework in Frameworks */ = {isa = PBXBuildFile; fileRef = D499143C181D51DE00E6073C /* UIKit.framework */; };
		D4991465181D51DF00E6073C /* InfoPlist.strings in Resources */ = {isa = PBXBuildFile; fileRef = D4991463181D51DF00E6073C /* InfoPlist.strings */; };
		D4991467181D51DF00E6073C /* Wikipedia_iOSTests.m in Sources */ = {isa = PBXBuildFile; fileRef = D4991466181D51DF00E6073C /* Wikipedia_iOSTests.m */; };
		D4BC22B4181E9E6300CAC673 /* empty.png in Resources */ = {isa = PBXBuildFile; fileRef = D4BC22B3181E9E6300CAC673 /* empty.png */; };
/* End PBXBuildFile section */

/* Begin PBXContainerItemProxy section */
		D499145E181D51DF00E6073C /* PBXContainerItemProxy */ = {
			isa = PBXContainerItemProxy;
			containerPortal = D499142D181D51DE00E6073C /* Project object */;
			proxyType = 1;
			remoteGlobalIDString = D4991434181D51DE00E6073C;
			remoteInfo = "Wikipedia-iOS";
		};
/* End PBXContainerItemProxy section */

/* Begin PBXFileReference section */
		D4991435181D51DE00E6073C /* Wikipedia-iOS.app */ = {isa = PBXFileReference; explicitFileType = wrapper.application; includeInIndex = 0; path = "Wikipedia-iOS.app"; sourceTree = BUILT_PRODUCTS_DIR; };
		D4991438181D51DE00E6073C /* Foundation.framework */ = {isa = PBXFileReference; lastKnownFileType = wrapper.framework; name = Foundation.framework; path = System/Library/Frameworks/Foundation.framework; sourceTree = SDKROOT; };
		D499143A181D51DE00E6073C /* CoreGraphics.framework */ = {isa = PBXFileReference; lastKnownFileType = wrapper.framework; name = CoreGraphics.framework; path = System/Library/Frameworks/CoreGraphics.framework; sourceTree = SDKROOT; };
		D499143C181D51DE00E6073C /* UIKit.framework */ = {isa = PBXFileReference; lastKnownFileType = wrapper.framework; name = UIKit.framework; path = System/Library/Frameworks/UIKit.framework; sourceTree = SDKROOT; };
		D4991440181D51DE00E6073C /* Wikipedia-iOS-Info.plist */ = {isa = PBXFileReference; lastKnownFileType = text.plist.xml; path = "Wikipedia-iOS-Info.plist"; sourceTree = "<group>"; };
		D4991442181D51DE00E6073C /* en */ = {isa = PBXFileReference; lastKnownFileType = text.plist.strings; name = en; path = en.lproj/InfoPlist.strings; sourceTree = "<group>"; };
		D4991444181D51DE00E6073C /* main.m */ = {isa = PBXFileReference; lastKnownFileType = sourcecode.c.objc; path = main.m; sourceTree = "<group>"; };
		D4991446181D51DE00E6073C /* Wikipedia-iOS-Prefix.pch */ = {isa = PBXFileReference; lastKnownFileType = sourcecode.c.h; path = "Wikipedia-iOS-Prefix.pch"; sourceTree = "<group>"; };
		D4991447181D51DE00E6073C /* AppDelegate.h */ = {isa = PBXFileReference; lastKnownFileType = sourcecode.c.h; path = AppDelegate.h; sourceTree = "<group>"; };
		D4991448181D51DE00E6073C /* AppDelegate.m */ = {isa = PBXFileReference; lastKnownFileType = sourcecode.c.objc; path = AppDelegate.m; sourceTree = "<group>"; };
		D499144B181D51DE00E6073C /* Base */ = {isa = PBXFileReference; lastKnownFileType = file.storyboard; name = Base; path = Base.lproj/Main_iPhone.storyboard; sourceTree = "<group>"; };
		D4991450181D51DE00E6073C /* ViewController.h */ = {isa = PBXFileReference; lastKnownFileType = sourcecode.c.h; path = ViewController.h; sourceTree = "<group>"; };
		D4991451181D51DE00E6073C /* ViewController.m */ = {isa = PBXFileReference; lastKnownFileType = sourcecode.c.objc; path = ViewController.m; sourceTree = "<group>"; };
		D4991453181D51DE00E6073C /* Images.xcassets */ = {isa = PBXFileReference; lastKnownFileType = folder.assetcatalog; path = Images.xcassets; sourceTree = "<group>"; };
		D4991459181D51DF00E6073C /* Wikipedia-iOSTests.xctest */ = {isa = PBXFileReference; explicitFileType = wrapper.cfbundle; includeInIndex = 0; path = "Wikipedia-iOSTests.xctest"; sourceTree = BUILT_PRODUCTS_DIR; };
		D499145A181D51DF00E6073C /* XCTest.framework */ = {isa = PBXFileReference; lastKnownFileType = wrapper.framework; name = XCTest.framework; path = Library/Frameworks/XCTest.framework; sourceTree = DEVELOPER_DIR; };
		D4991462181D51DF00E6073C /* Wikipedia-iOSTests-Info.plist */ = {isa = PBXFileReference; lastKnownFileType = text.plist.xml; path = "Wikipedia-iOSTests-Info.plist"; sourceTree = "<group>"; };
		D4991464181D51DF00E6073C /* en */ = {isa = PBXFileReference; lastKnownFileType = text.plist.strings; name = en; path = en.lproj/InfoPlist.strings; sourceTree = "<group>"; };
		D4991466181D51DF00E6073C /* Wikipedia_iOSTests.m */ = {isa = PBXFileReference; lastKnownFileType = sourcecode.c.objc; path = Wikipedia_iOSTests.m; sourceTree = "<group>"; };
		D4BC22B3181E9E6300CAC673 /* empty.png */ = {isa = PBXFileReference; lastKnownFileType = image.png; path = empty.png; sourceTree = "<group>"; };
/* End PBXFileReference section */

/* Begin PBXFrameworksBuildPhase section */
		D4991432181D51DE00E6073C /* Frameworks */ = {
			isa = PBXFrameworksBuildPhase;
			buildActionMask = 2147483647;
			files = (
				D499143B181D51DE00E6073C /* CoreGraphics.framework in Frameworks */,
				D499143D181D51DE00E6073C /* UIKit.framework in Frameworks */,
				D4991439181D51DE00E6073C /* Foundation.framework in Frameworks */,
			);
			runOnlyForDeploymentPostprocessing = 0;
		};
		D4991456181D51DF00E6073C /* Frameworks */ = {
			isa = PBXFrameworksBuildPhase;
			buildActionMask = 2147483647;
			files = (
				D499145B181D51DF00E6073C /* XCTest.framework in Frameworks */,
				D499145D181D51DF00E6073C /* UIKit.framework in Frameworks */,
				D499145C181D51DF00E6073C /* Foundation.framework in Frameworks */,
			);
			runOnlyForDeploymentPostprocessing = 0;
		};
/* End PBXFrameworksBuildPhase section */

/* Begin PBXGroup section */
		D499142C181D51DE00E6073C = {
			isa = PBXGroup;
			children = (
				D499143E181D51DE00E6073C /* Wikipedia-iOS */,
				D4991460181D51DF00E6073C /* Wikipedia-iOSTests */,
				D4991437181D51DE00E6073C /* Frameworks */,
				D4991436181D51DE00E6073C /* Products */,
			);
			sourceTree = "<group>";
		};
		D4991436181D51DE00E6073C /* Products */ = {
			isa = PBXGroup;
			children = (
				D4991435181D51DE00E6073C /* Wikipedia-iOS.app */,
				D4991459181D51DF00E6073C /* Wikipedia-iOSTests.xctest */,
			);
			name = Products;
			sourceTree = "<group>";
		};
		D4991437181D51DE00E6073C /* Frameworks */ = {
			isa = PBXGroup;
			children = (
				D4991438181D51DE00E6073C /* Foundation.framework */,
				D499143A181D51DE00E6073C /* CoreGraphics.framework */,
				D499143C181D51DE00E6073C /* UIKit.framework */,
				D499145A181D51DF00E6073C /* XCTest.framework */,
			);
			name = Frameworks;
			sourceTree = "<group>";
		};
		D499143E181D51DE00E6073C /* Wikipedia-iOS */ = {
			isa = PBXGroup;
			children = (
				D4BC22B3181E9E6300CAC673 /* empty.png */,
				D4991447181D51DE00E6073C /* AppDelegate.h */,
				D4991448181D51DE00E6073C /* AppDelegate.m */,
				D499144A181D51DE00E6073C /* Main_iPhone.storyboard */,
				D4991450181D51DE00E6073C /* ViewController.h */,
				D4991451181D51DE00E6073C /* ViewController.m */,
				D4991453181D51DE00E6073C /* Images.xcassets */,
				D499143F181D51DE00E6073C /* Supporting Files */,
			);
			path = "Wikipedia-iOS";
			sourceTree = "<group>";
		};
		D499143F181D51DE00E6073C /* Supporting Files */ = {
			isa = PBXGroup;
			children = (
				D4991440181D51DE00E6073C /* Wikipedia-iOS-Info.plist */,
				D4991441181D51DE00E6073C /* InfoPlist.strings */,
				D4991444181D51DE00E6073C /* main.m */,
				D4991446181D51DE00E6073C /* Wikipedia-iOS-Prefix.pch */,
			);
			name = "Supporting Files";
			sourceTree = "<group>";
		};
		D4991460181D51DF00E6073C /* Wikipedia-iOSTests */ = {
			isa = PBXGroup;
			children = (
				D4991466181D51DF00E6073C /* Wikipedia_iOSTests.m */,
				D4991461181D51DF00E6073C /* Supporting Files */,
			);
			path = "Wikipedia-iOSTests";
			sourceTree = "<group>";
		};
		D4991461181D51DF00E6073C /* Supporting Files */ = {
			isa = PBXGroup;
			children = (
				D4991462181D51DF00E6073C /* Wikipedia-iOSTests-Info.plist */,
				D4991463181D51DF00E6073C /* InfoPlist.strings */,
			);
			name = "Supporting Files";
			sourceTree = "<group>";
		};
/* End PBXGroup section */

/* Begin PBXNativeTarget section */
		D4991434181D51DE00E6073C /* Wikipedia-iOS */ = {
			isa = PBXNativeTarget;
			buildConfigurationList = D499146A181D51DF00E6073C /* Build configuration list for PBXNativeTarget "Wikipedia-iOS" */;
			buildPhases = (
				D4991431181D51DE00E6073C /* Sources */,
				D4991432181D51DE00E6073C /* Frameworks */,
				D4991433181D51DE00E6073C /* Resources */,
			);
			buildRules = (
			);
			dependencies = (
			);
			name = "Wikipedia-iOS";
			productName = "Wikipedia-iOS";
			productReference = D4991435181D51DE00E6073C /* Wikipedia-iOS.app */;
			productType = "com.apple.product-type.application";
		};
		D4991458181D51DF00E6073C /* Wikipedia-iOSTests */ = {
			isa = PBXNativeTarget;
			buildConfigurationList = D499146D181D51DF00E6073C /* Build configuration list for PBXNativeTarget "Wikipedia-iOSTests" */;
			buildPhases = (
				D4991455181D51DF00E6073C /* Sources */,
				D4991456181D51DF00E6073C /* Frameworks */,
				D4991457181D51DF00E6073C /* Resources */,
			);
			buildRules = (
			);
			dependencies = (
				D499145F181D51DF00E6073C /* PBXTargetDependency */,
			);
			name = "Wikipedia-iOSTests";
			productName = "Wikipedia-iOSTests";
			productReference = D4991459181D51DF00E6073C /* Wikipedia-iOSTests.xctest */;
			productType = "com.apple.product-type.bundle.unit-test";
		};
/* End PBXNativeTarget section */

/* Begin PBXProject section */
		D499142D181D51DE00E6073C /* Project object */ = {
			isa = PBXProject;
			attributes = {
				LastUpgradeCheck = 0500;
				ORGANIZATIONNAME = "Wikimedia Foundation";
				TargetAttributes = {
					D4991434181D51DE00E6073C = {
						DevelopmentTeam = AKK7J2GV64;
					};
					D4991458181D51DF00E6073C = {
						TestTargetID = D4991434181D51DE00E6073C;
					};
				};
			};
			buildConfigurationList = D4991430181D51DE00E6073C /* Build configuration list for PBXProject "Wikipedia-iOS" */;
			compatibilityVersion = "Xcode 3.2";
			developmentRegion = English;
			hasScannedForEncodings = 0;
			knownRegions = (
				en,
				Base,
			);
			mainGroup = D499142C181D51DE00E6073C;
			productRefGroup = D4991436181D51DE00E6073C /* Products */;
			projectDirPath = "";
			projectRoot = "";
			targets = (
				D4991434181D51DE00E6073C /* Wikipedia-iOS */,
				D4991458181D51DF00E6073C /* Wikipedia-iOSTests */,
			);
		};
/* End PBXProject section */

/* Begin PBXResourcesBuildPhase section */
		D4991433181D51DE00E6073C /* Resources */ = {
			isa = PBXResourcesBuildPhase;
			buildActionMask = 2147483647;
			files = (
				D4991454181D51DE00E6073C /* Images.xcassets in Resources */,
				D499144C181D51DE00E6073C /* Main_iPhone.storyboard in Resources */,
				D4991443181D51DE00E6073C /* InfoPlist.strings in Resources */,
				D4BC22B4181E9E6300CAC673 /* empty.png in Resources */,
			);
			runOnlyForDeploymentPostprocessing = 0;
		};
		D4991457181D51DF00E6073C /* Resources */ = {
			isa = PBXResourcesBuildPhase;
			buildActionMask = 2147483647;
			files = (
				D4991465181D51DF00E6073C /* InfoPlist.strings in Resources */,
			);
			runOnlyForDeploymentPostprocessing = 0;
		};
/* End PBXResourcesBuildPhase section */

/* Begin PBXSourcesBuildPhase section */
		D4991431181D51DE00E6073C /* Sources */ = {
			isa = PBXSourcesBuildPhase;
			buildActionMask = 2147483647;
			files = (
				D4991452181D51DE00E6073C /* ViewController.m in Sources */,
				D4991449181D51DE00E6073C /* AppDelegate.m in Sources */,
				D4991445181D51DE00E6073C /* main.m in Sources */,
			);
			runOnlyForDeploymentPostprocessing = 0;
		};
		D4991455181D51DF00E6073C /* Sources */ = {
			isa = PBXSourcesBuildPhase;
			buildActionMask = 2147483647;
			files = (
				D4991467181D51DF00E6073C /* Wikipedia_iOSTests.m in Sources */,
			);
			runOnlyForDeploymentPostprocessing = 0;
		};
/* End PBXSourcesBuildPhase section */

/* Begin PBXTargetDependency section */
		D499145F181D51DF00E6073C /* PBXTargetDependency */ = {
			isa = PBXTargetDependency;
			target = D4991434181D51DE00E6073C /* Wikipedia-iOS */;
			targetProxy = D499145E181D51DF00E6073C /* PBXContainerItemProxy */;
		};
/* End PBXTargetDependency section */

/* Begin PBXVariantGroup section */
		D4991441181D51DE00E6073C /* InfoPlist.strings */ = {
			isa = PBXVariantGroup;
			children = (
				D4991442181D51DE00E6073C /* en */,
			);
			name = InfoPlist.strings;
			sourceTree = "<group>";
		};
		D499144A181D51DE00E6073C /* Main_iPhone.storyboard */ = {
			isa = PBXVariantGroup;
			children = (
				D499144B181D51DE00E6073C /* Base */,
			);
			name = Main_iPhone.storyboard;
			sourceTree = "<group>";
		};
		D4991463181D51DF00E6073C /* InfoPlist.strings */ = {
			isa = PBXVariantGroup;
			children = (
				D4991464181D51DF00E6073C /* en */,
			);
			name = InfoPlist.strings;
			sourceTree = "<group>";
		};
/* End PBXVariantGroup section */

/* Begin XCBuildConfiguration section */
		D4991468181D51DF00E6073C /* Debug */ = {
			isa = XCBuildConfiguration;
			buildSettings = {
				ALWAYS_SEARCH_USER_PATHS = NO;
				ARCHS = "$(ARCHS_STANDARD_INCLUDING_64_BIT)";
				CLANG_CXX_LANGUAGE_STANDARD = "gnu++0x";
				CLANG_CXX_LIBRARY = "libc++";
				CLANG_ENABLE_MODULES = YES;
				CLANG_ENABLE_OBJC_ARC = YES;
				CLANG_WARN_BOOL_CONVERSION = YES;
				CLANG_WARN_CONSTANT_CONVERSION = YES;
				CLANG_WARN_DIRECT_OBJC_ISA_USAGE = YES_ERROR;
				CLANG_WARN_EMPTY_BODY = YES;
				CLANG_WARN_ENUM_CONVERSION = YES;
				CLANG_WARN_INT_CONVERSION = YES;
				CLANG_WARN_OBJC_ROOT_CLASS = YES_ERROR;
				CLANG_WARN__DUPLICATE_METHOD_MATCH = YES;
				"CODE_SIGN_IDENTITY[sdk=iphoneos*]" = "iPhone Developer";
				COPY_PHASE_STRIP = NO;
				GCC_C_LANGUAGE_STANDARD = gnu99;
				GCC_DYNAMIC_NO_PIC = NO;
				GCC_OPTIMIZATION_LEVEL = 0;
				GCC_PREPROCESSOR_DEFINITIONS = (
					"DEBUG=1",
					"$(inherited)",
				);
				GCC_SYMBOLS_PRIVATE_EXTERN = NO;
				GCC_WARN_64_TO_32_BIT_CONVERSION = YES;
				GCC_WARN_ABOUT_RETURN_TYPE = YES_ERROR;
				GCC_WARN_UNDECLARED_SELECTOR = YES;
				GCC_WARN_UNINITIALIZED_AUTOS = YES;
				GCC_WARN_UNUSED_FUNCTION = YES;
				GCC_WARN_UNUSED_VARIABLE = YES;
				IPHONEOS_DEPLOYMENT_TARGET = 7.0;
				ONLY_ACTIVE_ARCH = YES;
				SDKROOT = iphoneos;
				TARGETED_DEVICE_FAMILY = "1,2";
			};
			name = Debug;
		};
		D4991469181D51DF00E6073C /* Release */ = {
			isa = XCBuildConfiguration;
			buildSettings = {
				ALWAYS_SEARCH_USER_PATHS = NO;
				ARCHS = "$(ARCHS_STANDARD_INCLUDING_64_BIT)";
				CLANG_CXX_LANGUAGE_STANDARD = "gnu++0x";
				CLANG_CXX_LIBRARY = "libc++";
				CLANG_ENABLE_MODULES = YES;
				CLANG_ENABLE_OBJC_ARC = YES;
				CLANG_WARN_BOOL_CONVERSION = YES;
				CLANG_WARN_CONSTANT_CONVERSION = YES;
				CLANG_WARN_DIRECT_OBJC_ISA_USAGE = YES_ERROR;
				CLANG_WARN_EMPTY_BODY = YES;
				CLANG_WARN_ENUM_CONVERSION = YES;
				CLANG_WARN_INT_CONVERSION = YES;
				CLANG_WARN_OBJC_ROOT_CLASS = YES_ERROR;
				CLANG_WARN__DUPLICATE_METHOD_MATCH = YES;
				"CODE_SIGN_IDENTITY[sdk=iphoneos*]" = "iPhone Developer";
				COPY_PHASE_STRIP = YES;
				ENABLE_NS_ASSERTIONS = NO;
				GCC_C_LANGUAGE_STANDARD = gnu99;
				GCC_WARN_64_TO_32_BIT_CONVERSION = YES;
				GCC_WARN_ABOUT_RETURN_TYPE = YES_ERROR;
				GCC_WARN_UNDECLARED_SELECTOR = YES;
				GCC_WARN_UNINITIALIZED_AUTOS = YES;
				GCC_WARN_UNUSED_FUNCTION = YES;
				GCC_WARN_UNUSED_VARIABLE = YES;
				IPHONEOS_DEPLOYMENT_TARGET = 7.0;
				SDKROOT = iphoneos;
				TARGETED_DEVICE_FAMILY = "1,2";
				VALIDATE_PRODUCT = YES;
			};
			name = Release;
		};
		D499146B181D51DF00E6073C /* Debug */ = {
			isa = XCBuildConfiguration;
			buildSettings = {
				ASSETCATALOG_COMPILER_APPICON_NAME = AppIcon;
				ASSETCATALOG_COMPILER_LAUNCHIMAGE_NAME = LaunchImage;
				CODE_SIGN_IDENTITY = "iPhone Developer";
				"CODE_SIGN_IDENTITY[sdk=iphoneos*]" = "iPhone Developer";
				GCC_PRECOMPILE_PREFIX_HEADER = YES;
				GCC_PREFIX_HEADER = "Wikipedia-iOS/Wikipedia-iOS-Prefix.pch";
				INFOPLIST_FILE = "Wikipedia-iOS/Wikipedia-iOS-Info.plist";
				IPHONEOS_DEPLOYMENT_TARGET = 6.0;
				PRODUCT_NAME = "$(TARGET_NAME)";
				PROVISIONING_PROFILE = "";
				WRAPPER_EXTENSION = app;
			};
			name = Debug;
		};
		D499146C181D51DF00E6073C /* Release */ = {
			isa = XCBuildConfiguration;
			buildSettings = {
				ASSETCATALOG_COMPILER_APPICON_NAME = AppIcon;
				ASSETCATALOG_COMPILER_LAUNCHIMAGE_NAME = LaunchImage;
				CODE_SIGN_IDENTITY = "iPhone Developer";
				"CODE_SIGN_IDENTITY[sdk=iphoneos*]" = "iPhone Developer";
				GCC_PRECOMPILE_PREFIX_HEADER = YES;
				GCC_PREFIX_HEADER = "Wikipedia-iOS/Wikipedia-iOS-Prefix.pch";
				INFOPLIST_FILE = "Wikipedia-iOS/Wikipedia-iOS-Info.plist";
				IPHONEOS_DEPLOYMENT_TARGET = 6.0;
				PRODUCT_NAME = "$(TARGET_NAME)";
				PROVISIONING_PROFILE = "";
				WRAPPER_EXTENSION = app;
			};
			name = Release;
		};
		D499146E181D51DF00E6073C /* Debug */ = {
			isa = XCBuildConfiguration;
			buildSettings = {
				ARCHS = "$(ARCHS_STANDARD_INCLUDING_64_BIT)";
				BUNDLE_LOADER = "$(BUILT_PRODUCTS_DIR)/Wikipedia-iOS.app/Wikipedia-iOS";
				FRAMEWORK_SEARCH_PATHS = (
					"$(SDKROOT)/Developer/Library/Frameworks",
					"$(inherited)",
					"$(DEVELOPER_FRAMEWORKS_DIR)",
				);
				GCC_PRECOMPILE_PREFIX_HEADER = YES;
				GCC_PREFIX_HEADER = "Wikipedia-iOS/Wikipedia-iOS-Prefix.pch";
				GCC_PREPROCESSOR_DEFINITIONS = (
					"DEBUG=1",
					"$(inherited)",
				);
				INFOPLIST_FILE = "Wikipedia-iOSTests/Wikipedia-iOSTests-Info.plist";
				PRODUCT_NAME = "$(TARGET_NAME)";
				TEST_HOST = "$(BUNDLE_LOADER)";
				WRAPPER_EXTENSION = xctest;
			};
			name = Debug;
		};
		D499146F181D51DF00E6073C /* Release */ = {
			isa = XCBuildConfiguration;
			buildSettings = {
				ARCHS = "$(ARCHS_STANDARD_INCLUDING_64_BIT)";
				BUNDLE_LOADER = "$(BUILT_PRODUCTS_DIR)/Wikipedia-iOS.app/Wikipedia-iOS";
				FRAMEWORK_SEARCH_PATHS = (
					"$(SDKROOT)/Developer/Library/Frameworks",
					"$(inherited)",
					"$(DEVELOPER_FRAMEWORKS_DIR)",
				);
				GCC_PRECOMPILE_PREFIX_HEADER = YES;
				GCC_PREFIX_HEADER = "Wikipedia-iOS/Wikipedia-iOS-Prefix.pch";
				INFOPLIST_FILE = "Wikipedia-iOSTests/Wikipedia-iOSTests-Info.plist";
				PRODUCT_NAME = "$(TARGET_NAME)";
				TEST_HOST = "$(BUNDLE_LOADER)";
				WRAPPER_EXTENSION = xctest;
			};
			name = Release;
		};
/* End XCBuildConfiguration section */

/* Begin XCConfigurationList section */
		D4991430181D51DE00E6073C /* Build configuration list for PBXProject "Wikipedia-iOS" */ = {
			isa = XCConfigurationList;
			buildConfigurations = (
				D4991468181D51DF00E6073C /* Debug */,
				D4991469181D51DF00E6073C /* Release */,
			);
			defaultConfigurationIsVisible = 0;
			defaultConfigurationName = Release;
		};
		D499146A181D51DF00E6073C /* Build configuration list for PBXNativeTarget "Wikipedia-iOS" */ = {
			isa = XCConfigurationList;
			buildConfigurations = (
				D499146B181D51DF00E6073C /* Debug */,
				D499146C181D51DF00E6073C /* Release */,
			);
			defaultConfigurationIsVisible = 0;
			defaultConfigurationName = Release;
		};
		D499146D181D51DF00E6073C /* Build configuration list for PBXNativeTarget "Wikipedia-iOSTests" */ = {
			isa = XCConfigurationList;
			buildConfigurations = (
				D499146E181D51DF00E6073C /* Debug */,
				D499146F181D51DF00E6073C /* Release */,
			);
			defaultConfigurationIsVisible = 0;
			defaultConfigurationName = Release;
		};
/* End XCConfigurationList section */
	};
	rootObject = D499142D181D51DE00E6073C /* Project object */;
}
