PODS:
  - AFNetworking (2.4.1):
    - AFNetworking/NSURLConnection
    - AFNetworking/NSURLSession
    - AFNetworking/Reachability
    - AFNetworking/Security
    - AFNetworking/Serialization
    - AFNetworking/UIKit
  - AFNetworking/NSURLConnection (2.4.1):
    - AFNetworking/Reachability
    - AFNetworking/Security
    - AFNetworking/Serialization
  - AFNetworking/NSURLSession (2.4.1):
    - AFNetworking/Reachability
    - AFNetworking/Security
    - AFNetworking/Serialization
  - AFNetworking/Reachability (2.4.1)
  - AFNetworking/Security (2.4.1)
  - AFNetworking/Serialization (2.4.1)
  - AFNetworking/UIKit (2.4.1):
    - AFNetworking/NSURLConnection
    - AFNetworking/NSURLSession
  - hpple (0.2.0)

DEPENDENCIES:
  - AFNetworking (~> 2.4)
  - hpple (~> 0.2)

SPEC CHECKSUMS:
  AFNetworking: 0aabc6fae66d6e5d039eeb21c315843c7aae51ab
  hpple: f4eb7c21a8db83ec264e5d614ec7509e10e5adec

COCOAPODS: 0.34.4
